
Microsoft Visual Studio Solution File, Format Version 12.00
# Visual Studio Version 16
VisualStudioVersion = 16.0.30320.27
MinimumVisualStudioVersion = 10.0.40219.1
Project("{FAE04EC0-301F-11D3-BF4B-00C04F79EFBC}") = "TestWinformsJas1", "TestWinformsJas1.csproj", "{268A1B5B-5500-431A-8D7F-CA891E6EFDB8}"
EndProject
Global
	GlobalSection(SolutionConfigurationPlatforms) = preSolution
		Debug|Any CPU = Debug|Any CPU
		Release|Any CPU = Release|Any CPU
	EndGlobalSection
	GlobalSection(ProjectConfigurationPlatforms) = postSolution
		{268A1B5B-5500-431A-8D7F-CA891E6EFDB8}.Debug|Any CPU.ActiveCfg = Debug|Any CPU
		{268A1B5B-5500-431A-8D7F-CA891E6EFDB8}.Debug|Any CPU.Build.0 = Debug|Any CPU
		{268A1B5B-5500-431A-8D7F-CA891E6EFDB8}.Release|Any CPU.ActiveCfg = Release|Any CPU
		{268A1B5B-5500-431A-8D7F-CA891E6EFDB8}.Release|Any CPU.Build.0 = Release|Any CPU
	EndGlobalSection
	GlobalSection(SolutionProperties) = preSolution
		HideSolutionNode = FALSE
	EndGlobalSection
	GlobalSection(ExtensibilityGlobals) = postSolution
		SolutionGuid = {E2E82234-C708-4D7C-BD5C-2CD1DA02F316}
	EndGlobalSection
EndGlobal
