
Microsoft Visual Studio Solution File, Format Version 12.00
# Visual Studio 15
VisualStudioVersion = 15.0.27130.0
MinimumVisualStudioVersion = 10.0.40219.1
Project("{FAE04EC0-301F-11D3-BF4B-00C04F79EFBC}") = "SaveBrowserTabLinks", "SaveBrowserTabLinks.csproj", "{B224021E-EEC4-4C48-BC4F-CC34510F0647}"
EndProject
Global
	GlobalSection(SolutionConfigurationPlatforms) = preSolution
		Debug|Any CPU = Debug|Any CPU
		Release|Any CPU = Release|Any CPU
	EndGlobalSection
	GlobalSection(ProjectConfigurationPlatforms) = postSolution
		{B224021E-EEC4-4C48-BC4F-CC34510F0647}.Debug|Any CPU.ActiveCfg = Debug|Any CPU
		{B224021E-EEC4-4C48-BC4F-CC34510F0647}.Debug|Any CPU.Build.0 = Debug|Any CPU
		{B224021E-EEC4-4C48-BC4F-CC34510F0647}.Release|Any CPU.ActiveCfg = Release|Any CPU
		{B224021E-EEC4-4C48-BC4F-CC34510F0647}.Release|Any CPU.Build.0 = Release|Any CPU
	EndGlobalSection
	GlobalSection(SolutionProperties) = preSolution
		HideSolutionNode = FALSE
	EndGlobalSection
	GlobalSection(ExtensibilityGlobals) = postSolution
		SolutionGuid = {8AE3C3E8-A911-4179-A53B-D1F7FA2FD707}
	EndGlobalSection
EndGlobal
