
Microsoft Visual Studio Solution File, Format Version 12.00
# Visual Studio Version 16
VisualStudioVersion = 16.0.30204.135
MinimumVisualStudioVersion = 10.0.40219.1
Project("{FAE04EC0-301F-11D3-BF4B-00C04F79EFBC}") = "LrsTcpMiniClient", "LrsTcpMiniClient.csproj", "{82853CA0-A085-44DD-8B49-DFFBE1ED3A9E}"
EndProject
Global
	GlobalSection(SolutionConfigurationPlatforms) = preSolution
		Debug|Any CPU = Debug|Any CPU
		Release|Any CPU = Release|Any CPU
	EndGlobalSection
	GlobalSection(ProjectConfigurationPlatforms) = postSolution
		{82853CA0-A085-44DD-8B49-DFFBE1ED3A9E}.Debug|Any CPU.ActiveCfg = Debug|Any CPU
		{82853CA0-A085-44DD-8B49-DFFBE1ED3A9E}.Debug|Any CPU.Build.0 = Debug|Any CPU
		{82853CA0-A085-44DD-8B49-DFFBE1ED3A9E}.Release|Any CPU.ActiveCfg = Release|Any CPU
		{82853CA0-A085-44DD-8B49-DFFBE1ED3A9E}.Release|Any CPU.Build.0 = Release|Any CPU
	EndGlobalSection
	GlobalSection(SolutionProperties) = preSolution
		HideSolutionNode = FALSE
	EndGlobalSection
	GlobalSection(ExtensibilityGlobals) = postSolution
		SolutionGuid = {F9A0B9E6-BB81-43ED-AD35-5BC9AEB27585}
	EndGlobalSection
EndGlobal
