
Microsoft Visual Studio Solution File, Format Version 10.00
# Visual Studio 2008
Project("{FAE04EC0-301F-11D3-BF4B-00C04F79EFBC}") = "XWord", "XWord.csproj", "{1616714D-E54E-4543-8F24-CE5D04D5D107}"
EndProject
Global
	GlobalSection(SolutionConfigurationPlatforms) = preSolution
		Debug|Any CPU = Debug|Any CPU
		Release|Any CPU = Release|Any CPU
	EndGlobalSection
	GlobalSection(ProjectConfigurationPlatforms) = postSolution
		{1616714D-E54E-4543-8F24-CE5D04D5D107}.Debug|Any CPU.ActiveCfg = Debug|Any CPU
		{1616714D-E54E-4543-8F24-CE5D04D5D107}.Debug|Any CPU.Build.0 = Debug|Any CPU
		{1616714D-E54E-4543-8F24-CE5D04D5D107}.Release|Any CPU.ActiveCfg = Release|Any CPU
		{1616714D-E54E-4543-8F24-CE5D04D5D107}.Release|Any CPU.Build.0 = Release|Any CPU
	EndGlobalSection
	GlobalSection(SolutionProperties) = preSolution
		HideSolutionNode = FALSE
	EndGlobalSection
EndGlobal
