
Microsoft Visual Studio Solution File, Format Version 12.00
# Visual Studio Version 16
VisualStudioVersion = 16.0.28315.86
MinimumVisualStudioVersion = 10.0.40219.1
Project("{9A19103F-16F7-4668-BE54-9A1E7A4F7556}") = "Test30_1", "Test30_1.csproj", "{FC0B679B-4D3B-4748-8021-8CBEAC3A4AD4}"
EndProject
Global
	GlobalSection(SolutionConfigurationPlatforms) = preSolution
		Debug|Any CPU = Debug|Any CPU
		Release|Any CPU = Release|Any CPU
	EndGlobalSection
	GlobalSection(ProjectConfigurationPlatforms) = postSolution
		{FC0B679B-4D3B-4748-8021-8CBEAC3A4AD4}.Debug|Any CPU.ActiveCfg = Debug|Any CPU
		{FC0B679B-4D3B-4748-8021-8CBEAC3A4AD4}.Debug|Any CPU.Build.0 = Debug|Any CPU
		{FC0B679B-4D3B-4748-8021-8CBEAC3A4AD4}.Release|Any CPU.ActiveCfg = Release|Any CPU
		{FC0B679B-4D3B-4748-8021-8CBEAC3A4AD4}.Release|Any CPU.Build.0 = Release|Any CPU
	EndGlobalSection
	GlobalSection(SolutionProperties) = preSolution
		HideSolutionNode = FALSE
	EndGlobalSection
	GlobalSection(ExtensibilityGlobals) = postSolution
		SolutionGuid = {953F12BF-AF54-48C8-AEE6-5C5DECC5412B}
	EndGlobalSection
EndGlobal
