
Microsoft Visual Studio Solution File, Format Version 12.00
# Visual Studio 15
VisualStudioVersion = 15.0.28307.168
MinimumVisualStudioVersion = 10.0.40219.1
Project("{FAE04EC0-301F-11D3-BF4B-00C04F79EFBC}") = "TestConsoleWithSqlite_Nuget", "TestConsoleWithSqlite_Nuget\TestConsoleWithSqlite_Nuget.csproj", "{A9A7A62D-6D3B-4D96-9C75-1B137C5D2DC8}"
EndProject
Global
	GlobalSection(SolutionConfigurationPlatforms) = preSolution
		Debug|Any CPU = Debug|Any CPU
		Release|Any CPU = Release|Any CPU
	EndGlobalSection
	GlobalSection(ProjectConfigurationPlatforms) = postSolution
		{A9A7A62D-6D3B-4D96-9C75-1B137C5D2DC8}.Debug|Any CPU.ActiveCfg = Debug|Any CPU
		{A9A7A62D-6D3B-4D96-9C75-1B137C5D2DC8}.Debug|Any CPU.Build.0 = Debug|Any CPU
		{A9A7A62D-6D3B-4D96-9C75-1B137C5D2DC8}.Release|Any CPU.ActiveCfg = Release|Any CPU
		{A9A7A62D-6D3B-4D96-9C75-1B137C5D2DC8}.Release|Any CPU.Build.0 = Release|Any CPU
	EndGlobalSection
	GlobalSection(SolutionProperties) = preSolution
		HideSolutionNode = FALSE
	EndGlobalSection
	GlobalSection(ExtensibilityGlobals) = postSolution
		SolutionGuid = {080E76D0-B3A5-4E52-831A-B1E80FD1BEBA}
	EndGlobalSection
EndGlobal
