
Microsoft Visual Studio Solution File, Format Version 12.00
# Visual Studio 15
VisualStudioVersion = 15.0.28307.705
MinimumVisualStudioVersion = 10.0.40219.1
Project("{FAE04EC0-301F-11D3-BF4B-00C04F79EFBC}") = "TestAndroidMusic", "TestAndroidMusic\TestAndroidMusic.csproj", "{320CE6C9-64BE-41DC-A367-32B5DE8FA33E}"
EndProject
Global
	GlobalSection(SolutionConfigurationPlatforms) = preSolution
		Debug|Any CPU = Debug|Any CPU
		Release|Any CPU = Release|Any CPU
	EndGlobalSection
	GlobalSection(ProjectConfigurationPlatforms) = postSolution
		{320CE6C9-64BE-41DC-A367-32B5DE8FA33E}.Debug|Any CPU.ActiveCfg = Debug|Any CPU
		{320CE6C9-64BE-41DC-A367-32B5DE8FA33E}.Debug|Any CPU.Build.0 = Debug|Any CPU
		{320CE6C9-64BE-41DC-A367-32B5DE8FA33E}.Release|Any CPU.ActiveCfg = Release|Any CPU
		{320CE6C9-64BE-41DC-A367-32B5DE8FA33E}.Release|Any CPU.Build.0 = Release|Any CPU
	EndGlobalSection
	GlobalSection(SolutionProperties) = preSolution
		HideSolutionNode = FALSE
	EndGlobalSection
	GlobalSection(ExtensibilityGlobals) = postSolution
		SolutionGuid = {A47368E2-F944-4E15-9777-3814FFC09BBA}
	EndGlobalSection
EndGlobal
