
Microsoft Visual Studio Solution File, Format Version 10.00
# Visual Studio 2008
Project("{FAE04EC0-301F-11D3-BF4B-00C04F79EFBC}") = "TestLinqToSqlWithXml_1", "TestLinqToSqlWithXml_1.csproj", "{8AF21CAB-0416-4D26-9D6D-FF3228C53DFA}"
EndProject
Global
	GlobalSection(SolutionConfigurationPlatforms) = preSolution
		Debug|Any CPU = Debug|Any CPU
		Release|Any CPU = Release|Any CPU
	EndGlobalSection
	GlobalSection(ProjectConfigurationPlatforms) = postSolution
		{8AF21CAB-0416-4D26-9D6D-FF3228C53DFA}.Debug|Any CPU.ActiveCfg = Debug|Any CPU
		{8AF21CAB-0416-4D26-9D6D-FF3228C53DFA}.Debug|Any CPU.Build.0 = Debug|Any CPU
		{8AF21CAB-0416-4D26-9D6D-FF3228C53DFA}.Release|Any CPU.ActiveCfg = Release|Any CPU
		{8AF21CAB-0416-4D26-9D6D-FF3228C53DFA}.Release|Any CPU.Build.0 = Release|Any CPU
	EndGlobalSection
	GlobalSection(SolutionProperties) = preSolution
		HideSolutionNode = FALSE
	EndGlobalSection
EndGlobal
