
Microsoft Visual Studio Solution File, Format Version 11.00
# Visual Studio 2010
Project("{FAE04EC0-301F-11D3-BF4B-00C04F79EFBC}") = "Roslyn2", "Roslyn2\Roslyn2.csproj", "{E6F4DAE7-86EE-47F9-91AF-02EB0A2E6554}"
EndProject
Global
	GlobalSection(SolutionConfigurationPlatforms) = preSolution
		Debug|x86 = Debug|x86
		Release|x86 = Release|x86
	EndGlobalSection
	GlobalSection(ProjectConfigurationPlatforms) = postSolution
		{E6F4DAE7-86EE-47F9-91AF-02EB0A2E6554}.Debug|x86.ActiveCfg = Debug|x86
		{E6F4DAE7-86EE-47F9-91AF-02EB0A2E6554}.Debug|x86.Build.0 = Debug|x86
		{E6F4DAE7-86EE-47F9-91AF-02EB0A2E6554}.Release|x86.ActiveCfg = Release|x86
		{E6F4DAE7-86EE-47F9-91AF-02EB0A2E6554}.Release|x86.Build.0 = Release|x86
	EndGlobalSection
	GlobalSection(SolutionProperties) = preSolution
		HideSolutionNode = FALSE
	EndGlobalSection
EndGlobal
