
Microsoft Visual Studio Solution File, Format Version 11.00
# Visual Studio 10
Project("{FAE04EC0-301F-11D3-BF4B-00C04F79EFBC}") = "TextAdornment1", "TextAdornment1.csproj", "{80D7BA05-C036-465E-8B2D-F7BA8FFC8C5B}"
EndProject
Global
	GlobalSection(SolutionConfigurationPlatforms) = preSolution
		Debug|Any CPU = Debug|Any CPU
		Release|Any CPU = Release|Any CPU
	EndGlobalSection
	GlobalSection(ProjectConfigurationPlatforms) = postSolution
		{80D7BA05-C036-465E-8B2D-F7BA8FFC8C5B}.Debug|Any CPU.ActiveCfg = Debug|Any CPU
		{80D7BA05-C036-465E-8B2D-F7BA8FFC8C5B}.Debug|Any CPU.Build.0 = Debug|Any CPU
		{80D7BA05-C036-465E-8B2D-F7BA8FFC8C5B}.Release|Any CPU.ActiveCfg = Release|Any CPU
		{80D7BA05-C036-465E-8B2D-F7BA8FFC8C5B}.Release|Any CPU.Build.0 = Release|Any CPU
	EndGlobalSection
	GlobalSection(SolutionProperties) = preSolution
		HideSolutionNode = FALSE
	EndGlobalSection
EndGlobal
