
Microsoft Visual Studio Solution File, Format Version 10.00
# Visual Studio 2008
Project("{FAE04EC0-301F-11D3-BF4B-00C04F79EFBC}") = "LLConcurrencyTest", "LLConcurrencyTest.csproj", "{8B9FDE04-6580-449E-9AB8-22D69D936BE4}"
EndProject
Global
	GlobalSection(SolutionConfigurationPlatforms) = preSolution
		Debug|Any CPU = Debug|Any CPU
		Release|Any CPU = Release|Any CPU
	EndGlobalSection
	GlobalSection(ProjectConfigurationPlatforms) = postSolution
		{8B9FDE04-6580-449E-9AB8-22D69D936BE4}.Debug|Any CPU.ActiveCfg = Debug|Any CPU
		{8B9FDE04-6580-449E-9AB8-22D69D936BE4}.Debug|Any CPU.Build.0 = Debug|Any CPU
		{8B9FDE04-6580-449E-9AB8-22D69D936BE4}.Release|Any CPU.ActiveCfg = Release|Any CPU
		{8B9FDE04-6580-449E-9AB8-22D69D936BE4}.Release|Any CPU.Build.0 = Release|Any CPU
	EndGlobalSection
	GlobalSection(SolutionProperties) = preSolution
		HideSolutionNode = FALSE
	EndGlobalSection
EndGlobal
