
Microsoft Visual Studio Solution File, Format Version 12.00
# Visual Studio 15
VisualStudioVersion = 15.0.27703.2000
MinimumVisualStudioVersion = 10.0.40219.1
Project("{FAE04EC0-301F-11D3-BF4B-00C04F79EFBC}") = "VSIXProject1", "VSIXProject1.csproj", "{CA19520D-E4C9-40BC-AB90-9B9FC93549F8}"
EndProject
Global
	GlobalSection(SolutionConfigurationPlatforms) = preSolution
		Debug|Any CPU = Debug|Any CPU
		Release|Any CPU = Release|Any CPU
	EndGlobalSection
	GlobalSection(ProjectConfigurationPlatforms) = postSolution
		{CA19520D-E4C9-40BC-AB90-9B9FC93549F8}.Debug|Any CPU.ActiveCfg = Debug|Any CPU
		{CA19520D-E4C9-40BC-AB90-9B9FC93549F8}.Debug|Any CPU.Build.0 = Debug|Any CPU
		{CA19520D-E4C9-40BC-AB90-9B9FC93549F8}.Release|Any CPU.ActiveCfg = Release|Any CPU
		{CA19520D-E4C9-40BC-AB90-9B9FC93549F8}.Release|Any CPU.Build.0 = Release|Any CPU
	EndGlobalSection
	GlobalSection(SolutionProperties) = preSolution
		HideSolutionNode = FALSE
	EndGlobalSection
	GlobalSection(ExtensibilityGlobals) = postSolution
		SolutionGuid = {2E76B9E9-719E-49B4-B428-DB58975DC3C7}
	EndGlobalSection
EndGlobal
