
Microsoft Visual Studio Solution File, Format Version 9.00
# Visual Studio 2005
Project("{FAE04EC0-301F-11D3-BF4B-00C04F79EFBC}") = "MovieCollection1", "MovieCollection1.csproj", "{873F1D56-E545-4A49-82FC-02D9151A4A94}"
EndProject
Global
	GlobalSection(SolutionConfigurationPlatforms) = preSolution
		Debug|Any CPU = Debug|Any CPU
		Release|Any CPU = Release|Any CPU
	EndGlobalSection
	GlobalSection(ProjectConfigurationPlatforms) = postSolution
		{873F1D56-E545-4A49-82FC-02D9151A4A94}.Debug|Any CPU.ActiveCfg = Debug|Any CPU
		{873F1D56-E545-4A49-82FC-02D9151A4A94}.Debug|Any CPU.Build.0 = Debug|Any CPU
		{873F1D56-E545-4A49-82FC-02D9151A4A94}.Release|Any CPU.ActiveCfg = Release|Any CPU
		{873F1D56-E545-4A49-82FC-02D9151A4A94}.Release|Any CPU.Build.0 = Release|Any CPU
	EndGlobalSection
	GlobalSection(SolutionProperties) = preSolution
		HideSolutionNode = FALSE
	EndGlobalSection
EndGlobal
