
Microsoft Visual Studio Solution File, Format Version 12.00
# Visual Studio 15
VisualStudioVersion = 15.0.26730.16
MinimumVisualStudioVersion = 10.0.40219.1
Project("{FAE04EC0-301F-11D3-BF4B-00C04F79EFBC}") = "Hook_WM_PRINT", "Hook_WM_PRINT.csproj", "{171F1AE9-ACFF-4D25-BE88-6F7DF89C07EC}"
EndProject
Project("{8BC9CEB8-8B4A-11D0-8D11-00A0C91BC942}") = "HookDll", "HookDll\HookDll.vcxproj", "{6900E471-DA99-4912-9B45-D9019E451AE1}"
EndProject
Global
	GlobalSection(SolutionConfigurationPlatforms) = preSolution
		Debug|Any CPU = Debug|Any CPU
		Debug|x64 = Debug|x64
		Debug|x86 = Debug|x86
		Release|Any CPU = Release|Any CPU
		Release|x64 = Release|x64
		Release|x86 = Release|x86
	EndGlobalSection
	GlobalSection(ProjectConfigurationPlatforms) = postSolution
		{171F1AE9-ACFF-4D25-BE88-6F7DF89C07EC}.Debug|Any CPU.ActiveCfg = Debug|Any CPU
		{171F1AE9-ACFF-4D25-BE88-6F7DF89C07EC}.Debug|Any CPU.Build.0 = Debug|Any CPU
		{171F1AE9-ACFF-4D25-BE88-6F7DF89C07EC}.Debug|x64.ActiveCfg = Debug|Any CPU
		{171F1AE9-ACFF-4D25-BE88-6F7DF89C07EC}.Debug|x64.Build.0 = Debug|Any CPU
		{171F1AE9-ACFF-4D25-BE88-6F7DF89C07EC}.Debug|x86.ActiveCfg = Debug|Any CPU
		{171F1AE9-ACFF-4D25-BE88-6F7DF89C07EC}.Debug|x86.Build.0 = Debug|Any CPU
		{171F1AE9-ACFF-4D25-BE88-6F7DF89C07EC}.Release|Any CPU.ActiveCfg = Release|Any CPU
		{171F1AE9-ACFF-4D25-BE88-6F7DF89C07EC}.Release|Any CPU.Build.0 = Release|Any CPU
		{171F1AE9-ACFF-4D25-BE88-6F7DF89C07EC}.Release|x64.ActiveCfg = Release|Any CPU
		{171F1AE9-ACFF-4D25-BE88-6F7DF89C07EC}.Release|x64.Build.0 = Release|Any CPU
		{171F1AE9-ACFF-4D25-BE88-6F7DF89C07EC}.Release|x86.ActiveCfg = Release|Any CPU
		{171F1AE9-ACFF-4D25-BE88-6F7DF89C07EC}.Release|x86.Build.0 = Release|Any CPU
		{6900E471-DA99-4912-9B45-D9019E451AE1}.Debug|Any CPU.ActiveCfg = Debug|Win32
		{6900E471-DA99-4912-9B45-D9019E451AE1}.Debug|x64.ActiveCfg = Debug|x64
		{6900E471-DA99-4912-9B45-D9019E451AE1}.Debug|x64.Build.0 = Debug|x64
		{6900E471-DA99-4912-9B45-D9019E451AE1}.Debug|x86.ActiveCfg = Debug|Win32
		{6900E471-DA99-4912-9B45-D9019E451AE1}.Debug|x86.Build.0 = Debug|Win32
		{6900E471-DA99-4912-9B45-D9019E451AE1}.Release|Any CPU.ActiveCfg = Release|Win32
		{6900E471-DA99-4912-9B45-D9019E451AE1}.Release|x64.ActiveCfg = Release|x64
		{6900E471-DA99-4912-9B45-D9019E451AE1}.Release|x64.Build.0 = Release|x64
		{6900E471-DA99-4912-9B45-D9019E451AE1}.Release|x86.ActiveCfg = Release|Win32
		{6900E471-DA99-4912-9B45-D9019E451AE1}.Release|x86.Build.0 = Release|Win32
	EndGlobalSection
	GlobalSection(SolutionProperties) = preSolution
		HideSolutionNode = FALSE
	EndGlobalSection
	GlobalSection(ExtensibilityGlobals) = postSolution
		SolutionGuid = {8DA7C3E5-0DC6-42C0-80A2-5B9EE0DDBA7E}
	EndGlobalSection
EndGlobal
