
Microsoft Visual Studio Solution File, Format Version 9.00
# Visual Studio 2005
Project("{FAE04EC0-301F-11D3-BF4B-00C04F79EFBC}") = "TestAutomatingIEItself", "TestAutomatingIEItself\TestAutomatingIEItself.csproj", "{DABFA87C-C491-4025-B4BE-A0AD655EE20F}"
EndProject
Global
	GlobalSection(SolutionConfigurationPlatforms) = preSolution
		Debug|Any CPU = Debug|Any CPU
		Release|Any CPU = Release|Any CPU
	EndGlobalSection
	GlobalSection(ProjectConfigurationPlatforms) = postSolution
		{DABFA87C-C491-4025-B4BE-A0AD655EE20F}.Debug|Any CPU.ActiveCfg = Debug|Any CPU
		{DABFA87C-C491-4025-B4BE-A0AD655EE20F}.Debug|Any CPU.Build.0 = Debug|Any CPU
		{DABFA87C-C491-4025-B4BE-A0AD655EE20F}.Release|Any CPU.ActiveCfg = Release|Any CPU
		{DABFA87C-C491-4025-B4BE-A0AD655EE20F}.Release|Any CPU.Build.0 = Release|Any CPU
	EndGlobalSection
	GlobalSection(SolutionProperties) = preSolution
		HideSolutionNode = FALSE
	EndGlobalSection
EndGlobal
