
Microsoft Visual Studio Solution File, Format Version 12.00
# Visual Studio Version 16
VisualStudioVersion = 16.0.29911.84
MinimumVisualStudioVersion = 10.0.40219.1
Project("{FAE04EC0-301F-11D3-BF4B-00C04F79EFBC}") = "TestUnitTest1", "TestUnitTest1.csproj", "{2D826BF2-5F9F-468B-BF88-AD799AA9E6FE}"
EndProject
Project("{FAE04EC0-301F-11D3-BF4B-00C04F79EFBC}") = "TestMyFirstTests", "..\TestMyFirstTests\TestMyFirstTests.csproj", "{7B37420A-A8DE-4A34-BF1E-7F7662D9CF52}"
EndProject
Global
	GlobalSection(SolutionConfigurationPlatforms) = preSolution
		Debug|Any CPU = Debug|Any CPU
		Release|Any CPU = Release|Any CPU
	EndGlobalSection
	GlobalSection(ProjectConfigurationPlatforms) = postSolution
		{2D826BF2-5F9F-468B-BF88-AD799AA9E6FE}.Debug|Any CPU.ActiveCfg = Debug|Any CPU
		{2D826BF2-5F9F-468B-BF88-AD799AA9E6FE}.Debug|Any CPU.Build.0 = Debug|Any CPU
		{2D826BF2-5F9F-468B-BF88-AD799AA9E6FE}.Release|Any CPU.ActiveCfg = Release|Any CPU
		{2D826BF2-5F9F-468B-BF88-AD799AA9E6FE}.Release|Any CPU.Build.0 = Release|Any CPU
		{7B37420A-A8DE-4A34-BF1E-7F7662D9CF52}.Debug|Any CPU.ActiveCfg = Debug|Any CPU
		{7B37420A-A8DE-4A34-BF1E-7F7662D9CF52}.Debug|Any CPU.Build.0 = Debug|Any CPU
		{7B37420A-A8DE-4A34-BF1E-7F7662D9CF52}.Release|Any CPU.ActiveCfg = Release|Any CPU
		{7B37420A-A8DE-4A34-BF1E-7F7662D9CF52}.Release|Any CPU.Build.0 = Release|Any CPU
	EndGlobalSection
	GlobalSection(SolutionProperties) = preSolution
		HideSolutionNode = FALSE
	EndGlobalSection
	GlobalSection(ExtensibilityGlobals) = postSolution
		SolutionGuid = {1A820741-1A93-4AB7-BE81-479EDED51A8B}
	EndGlobalSection
EndGlobal
