
Microsoft Visual Studio Solution File, Format Version 12.00
# Visual Studio 15
VisualStudioVersion = 15.0.27703.2035
MinimumVisualStudioVersion = 10.0.40219.1
Project("{FAE04EC0-301F-11D3-BF4B-00C04F79EFBC}") = "Mads1", "Mads1.csproj", "{F04053FC-9CEC-416F-B0E8-22EA3AECF22C}"
EndProject
Global
	GlobalSection(SolutionConfigurationPlatforms) = preSolution
		Debug|Any CPU = Debug|Any CPU
		Release|Any CPU = Release|Any CPU
	EndGlobalSection
	GlobalSection(ProjectConfigurationPlatforms) = postSolution
		{F04053FC-9CEC-416F-B0E8-22EA3AECF22C}.Debug|Any CPU.ActiveCfg = Debug|Any CPU
		{F04053FC-9CEC-416F-B0E8-22EA3AECF22C}.Debug|Any CPU.Build.0 = Debug|Any CPU
		{F04053FC-9CEC-416F-B0E8-22EA3AECF22C}.Release|Any CPU.ActiveCfg = Release|Any CPU
		{F04053FC-9CEC-416F-B0E8-22EA3AECF22C}.Release|Any CPU.Build.0 = Release|Any CPU
	EndGlobalSection
	GlobalSection(SolutionProperties) = preSolution
		HideSolutionNode = FALSE
	EndGlobalSection
	GlobalSection(ExtensibilityGlobals) = postSolution
		SolutionGuid = {29107BE3-0B6A-4451-9D1A-8E2C31E66EDA}
	EndGlobalSection
EndGlobal
