
Microsoft Visual Studio Solution File, Format Version 12.00
# Visual Studio Version 16
VisualStudioVersion = 16.0.29613.14
MinimumVisualStudioVersion = 10.0.40219.1
Project("{FAE04EC0-301F-11D3-BF4B-00C04F79EFBC}") = "DowloadCSharpLangMeetings", "DowloadCSharpLangMeetings.csproj", "{C6ACC991-D064-425B-9880-E9CD7B1D02E3}"
EndProject
Global
	GlobalSection(SolutionConfigurationPlatforms) = preSolution
		Debug|Any CPU = Debug|Any CPU
		Release|Any CPU = Release|Any CPU
	EndGlobalSection
	GlobalSection(ProjectConfigurationPlatforms) = postSolution
		{C6ACC991-D064-425B-9880-E9CD7B1D02E3}.Debug|Any CPU.ActiveCfg = Debug|Any CPU
		{C6ACC991-D064-425B-9880-E9CD7B1D02E3}.Debug|Any CPU.Build.0 = Debug|Any CPU
		{C6ACC991-D064-425B-9880-E9CD7B1D02E3}.Release|Any CPU.ActiveCfg = Release|Any CPU
		{C6ACC991-D064-425B-9880-E9CD7B1D02E3}.Release|Any CPU.Build.0 = Release|Any CPU
	EndGlobalSection
	GlobalSection(SolutionProperties) = preSolution
		HideSolutionNode = FALSE
	EndGlobalSection
	GlobalSection(ExtensibilityGlobals) = postSolution
		SolutionGuid = {FEF40F6E-0D44-41C3-9CF7-8EB0956DE8EA}
	EndGlobalSection
EndGlobal
