
Microsoft Visual Studio Solution File, Format Version 12.00
# Visual Studio Version 16
VisualStudioVersion = 16.0.28315.86
MinimumVisualStudioVersion = 10.0.40219.1
Project("{9A19103F-16F7-4668-BE54-9A1E7A4F7556}") = "Test1_WPF", "Test1_WPF.csproj", "{378122F3-DF40-42FB-9963-FE5E75C790E0}"
EndProject
Global
	GlobalSection(SolutionConfigurationPlatforms) = preSolution
		Debug|Any CPU = Debug|Any CPU
		Release|Any CPU = Release|Any CPU
	EndGlobalSection
	GlobalSection(ProjectConfigurationPlatforms) = postSolution
		{378122F3-DF40-42FB-9963-FE5E75C790E0}.Debug|Any CPU.ActiveCfg = Debug|Any CPU
		{378122F3-DF40-42FB-9963-FE5E75C790E0}.Debug|Any CPU.Build.0 = Debug|Any CPU
		{378122F3-DF40-42FB-9963-FE5E75C790E0}.Release|Any CPU.ActiveCfg = Release|Any CPU
		{378122F3-DF40-42FB-9963-FE5E75C790E0}.Release|Any CPU.Build.0 = Release|Any CPU
	EndGlobalSection
	GlobalSection(SolutionProperties) = preSolution
		HideSolutionNode = FALSE
	EndGlobalSection
	GlobalSection(ExtensibilityGlobals) = postSolution
		SolutionGuid = {B9308A8E-61A3-47C6-ADE4-0CFA44926590}
	EndGlobalSection
EndGlobal
