Microsoft Visual Studio Solution File, Format Version 8.00
Project("{FAE04EC0-301F-11D3-BF4B-00C04F79EFBC}") = "BadgeDemo", "BadgeDemo\BadgeDemo.csproj", "{6B5A3088-14B1-4654-A796-2C0693413254}"
	ProjectSection(ProjectDependencies) = postProject
	EndProjectSection
EndProject
Global
	GlobalSection(SolutionConfiguration) = preSolution
		Debug = Debug
		Release = Release
	EndGlobalSection
	GlobalSection(ProjectConfiguration) = postSolution
		{6B5A3088-14B1-4654-A796-2C0693413254}.Debug.ActiveCfg = Debug|.NET
		{6B5A3088-14B1-4654-A796-2C0693413254}.Debug.Build.0 = Debug|.NET
		{6B5A3088-14B1-4654-A796-2C0693413254}.Release.ActiveCfg = Release|.NET
		{6B5A3088-14B1-4654-A796-2C0693413254}.Release.Build.0 = Release|.NET
	EndGlobalSection
	GlobalSection(ExtensibilityGlobals) = postSolution
	EndGlobalSection
	GlobalSection(ExtensibilityAddIns) = postSolution
	EndGlobalSection
EndGlobal
