
Microsoft Visual Studio Solution File, Format Version 12.00
# Visual Studio Version 16
VisualStudioVersion = 16.0.30413.136
MinimumVisualStudioVersion = 10.0.40219.1
Project("{FAE04EC0-301F-11D3-BF4B-00C04F79EFBC}") = "TestC9", "TestC9.csproj", "{B036A8A0-33F0-4478-A52C-72E742F1E052}"
EndProject
Global
	GlobalSection(SolutionConfigurationPlatforms) = preSolution
		Debug|Any CPU = Debug|Any CPU
		Release|Any CPU = Release|Any CPU
	EndGlobalSection
	GlobalSection(ProjectConfigurationPlatforms) = postSolution
		{B036A8A0-33F0-4478-A52C-72E742F1E052}.Debug|Any CPU.ActiveCfg = Debug|Any CPU
		{B036A8A0-33F0-4478-A52C-72E742F1E052}.Debug|Any CPU.Build.0 = Debug|Any CPU
		{B036A8A0-33F0-4478-A52C-72E742F1E052}.Release|Any CPU.ActiveCfg = Release|Any CPU
		{B036A8A0-33F0-4478-A52C-72E742F1E052}.Release|Any CPU.Build.0 = Release|Any CPU
	EndGlobalSection
	GlobalSection(SolutionProperties) = preSolution
		HideSolutionNode = FALSE
	EndGlobalSection
	GlobalSection(ExtensibilityGlobals) = postSolution
		SolutionGuid = {EBFA175B-D827-4D33-AD2C-3820D0A84D09}
	EndGlobalSection
EndGlobal
