
Microsoft Visual Studio Solution File, Format Version 12.00
# Visual Studio 15
VisualStudioVersion = 15.0.27130.2027
MinimumVisualStudioVersion = 10.0.40219.1
Project("{FAE04EC0-301F-11D3-BF4B-00C04F79EFBC}") = "LRSAntlr", "LRSAntlr.csproj", "{1159B586-DB79-44B5-B6AA-D6BFC8D489DC}"
EndProject
Global
	GlobalSection(SolutionConfigurationPlatforms) = preSolution
		Debug|Any CPU = Debug|Any CPU
		Release|Any CPU = Release|Any CPU
	EndGlobalSection
	GlobalSection(ProjectConfigurationPlatforms) = postSolution
		{1159B586-DB79-44B5-B6AA-D6BFC8D489DC}.Debug|Any CPU.ActiveCfg = Debug|Any CPU
		{1159B586-DB79-44B5-B6AA-D6BFC8D489DC}.Debug|Any CPU.Build.0 = Debug|Any CPU
		{1159B586-DB79-44B5-B6AA-D6BFC8D489DC}.Release|Any CPU.ActiveCfg = Release|Any CPU
		{1159B586-DB79-44B5-B6AA-D6BFC8D489DC}.Release|Any CPU.Build.0 = Release|Any CPU
	EndGlobalSection
	GlobalSection(SolutionProperties) = preSolution
		HideSolutionNode = FALSE
	EndGlobalSection
	GlobalSection(ExtensibilityGlobals) = postSolution
		SolutionGuid = {B078DB8F-2D35-4707-9EED-B8BF470B9E94}
	EndGlobalSection
EndGlobal
