
Microsoft Visual Studio Solution File, Format Version 10.00
# Visual Studio 2008
Project("{FAE04EC0-301F-11D3-BF4B-00C04F79EFBC}") = "WpfApplication2", "WpfApplication2.csproj", "{033B5A35-AADE-48B4-97B1-F6AC363FFDA9}"
EndProject
Global
	GlobalSection(SolutionConfigurationPlatforms) = preSolution
		Debug|Any CPU = Debug|Any CPU
		Release|Any CPU = Release|Any CPU
	EndGlobalSection
	GlobalSection(ProjectConfigurationPlatforms) = postSolution
		{033B5A35-AADE-48B4-97B1-F6AC363FFDA9}.Debug|Any CPU.ActiveCfg = Debug|Any CPU
		{033B5A35-AADE-48B4-97B1-F6AC363FFDA9}.Debug|Any CPU.Build.0 = Debug|Any CPU
		{033B5A35-AADE-48B4-97B1-F6AC363FFDA9}.Release|Any CPU.ActiveCfg = Release|Any CPU
		{033B5A35-AADE-48B4-97B1-F6AC363FFDA9}.Release|Any CPU.Build.0 = Release|Any CPU
	EndGlobalSection
	GlobalSection(SolutionProperties) = preSolution
		HideSolutionNode = FALSE
	EndGlobalSection
EndGlobal
