
Microsoft Visual Studio Solution File, Format Version 12.00
# Visual Studio 14
VisualStudioVersion = 14.0.23107.0
MinimumVisualStudioVersion = 10.0.40219.1
Project("{FAE04EC0-301F-11D3-BF4B-00C04F79EFBC}") = "CreateNewSqlLocalDbDatabase", "CreateNewSqlLocalDbDatabase.csproj", "{A36FF7BC-9253-4F25-A701-55F04625C3BC}"
EndProject
Global
	GlobalSection(SolutionConfigurationPlatforms) = preSolution
		Debug|Any CPU = Debug|Any CPU
		Release|Any CPU = Release|Any CPU
	EndGlobalSection
	GlobalSection(ProjectConfigurationPlatforms) = postSolution
		{A36FF7BC-9253-4F25-A701-55F04625C3BC}.Debug|Any CPU.ActiveCfg = Debug|Any CPU
		{A36FF7BC-9253-4F25-A701-55F04625C3BC}.Debug|Any CPU.Build.0 = Debug|Any CPU
		{A36FF7BC-9253-4F25-A701-55F04625C3BC}.Release|Any CPU.ActiveCfg = Release|Any CPU
		{A36FF7BC-9253-4F25-A701-55F04625C3BC}.Release|Any CPU.Build.0 = Release|Any CPU
	EndGlobalSection
	GlobalSection(SolutionProperties) = preSolution
		HideSolutionNode = FALSE
	EndGlobalSection
EndGlobal
