
Microsoft Visual Studio Solution File, Format Version 11.00
# Visual Studio 2010
Project("{FAE04EC0-301F-11D3-BF4B-00C04F79EFBC}") = "Boondog2007", "Boondog2007\Boondog2007.csproj", "{FCE51382-257B-43E4-93B8-CDB9400A8EAF}"
EndProject
Project("{FAE04EC0-301F-11D3-BF4B-00C04F79EFBC}") = "BuildBoondogDictionary", "BuildBoondogDictionary\BuildBoondogDictionary.csproj", "{344AF649-8209-46E4-9D4C-A84935AF1E8A}"
EndProject
Global
	GlobalSection(SolutionConfigurationPlatforms) = preSolution
		Debug|Any CPU = Debug|Any CPU
		Release|Any CPU = Release|Any CPU
	EndGlobalSection
	GlobalSection(ProjectConfigurationPlatforms) = postSolution
		{FCE51382-257B-43E4-93B8-CDB9400A8EAF}.Debug|Any CPU.ActiveCfg = Debug|Any CPU
		{FCE51382-257B-43E4-93B8-CDB9400A8EAF}.Debug|Any CPU.Build.0 = Debug|Any CPU
		{FCE51382-257B-43E4-93B8-CDB9400A8EAF}.Release|Any CPU.ActiveCfg = Release|Any CPU
		{FCE51382-257B-43E4-93B8-CDB9400A8EAF}.Release|Any CPU.Build.0 = Release|Any CPU
		{344AF649-8209-46E4-9D4C-A84935AF1E8A}.Debug|Any CPU.ActiveCfg = Debug|Any CPU
		{344AF649-8209-46E4-9D4C-A84935AF1E8A}.Debug|Any CPU.Build.0 = Debug|Any CPU
		{344AF649-8209-46E4-9D4C-A84935AF1E8A}.Release|Any CPU.ActiveCfg = Release|Any CPU
		{344AF649-8209-46E4-9D4C-A84935AF1E8A}.Release|Any CPU.Build.0 = Release|Any CPU
	EndGlobalSection
	GlobalSection(SolutionProperties) = preSolution
		HideSolutionNode = FALSE
	EndGlobalSection
EndGlobal
