
Microsoft Visual Studio Solution File, Format Version 12.00
# Visual Studio 15
VisualStudioVersion = 15.0.28307.168
MinimumVisualStudioVersion = 10.0.40219.1
Project("{FAE04EC0-301F-11D3-BF4B-00C04F79EFBC}") = "IndexMyBookmarks", "IndexMyUrls\IndexMyBookmarks.csproj", "{A2FB5814-C065-45F4-8A8F-9B1086FB6808}"
EndProject
Global
	GlobalSection(Performance) = preSolution
		HasPerformanceSessions = true
	EndGlobalSection
	GlobalSection(SolutionConfigurationPlatforms) = preSolution
		Debug|Any CPU = Debug|Any CPU
		Release|Any CPU = Release|Any CPU
	EndGlobalSection
	GlobalSection(ProjectConfigurationPlatforms) = postSolution
		{A2FB5814-C065-45F4-8A8F-9B1086FB6808}.Debug|Any CPU.ActiveCfg = Debug|Any CPU
		{A2FB5814-C065-45F4-8A8F-9B1086FB6808}.Debug|Any CPU.Build.0 = Debug|Any CPU
		{A2FB5814-C065-45F4-8A8F-9B1086FB6808}.Release|Any CPU.ActiveCfg = Release|Any CPU
		{A2FB5814-C065-45F4-8A8F-9B1086FB6808}.Release|Any CPU.Build.0 = Release|Any CPU
	EndGlobalSection
	GlobalSection(SolutionProperties) = preSolution
		HideSolutionNode = FALSE
	EndGlobalSection
	GlobalSection(ExtensibilityGlobals) = postSolution
		SolutionGuid = {88C02120-4CB4-4AEB-B9D6-4CADE4C79DF5}
	EndGlobalSection
	GlobalSection(Performance) = preSolution
		HasPerformanceSessions = true
	EndGlobalSection
	GlobalSection(Performance) = preSolution
		HasPerformanceSessions = true
	EndGlobalSection
	GlobalSection(Performance) = preSolution
		HasPerformanceSessions = true
	EndGlobalSection
EndGlobal
