
Microsoft Visual Studio Solution File, Format Version 12.00
# Visual Studio Version 16
VisualStudioVersion = 16.0.28803.156
MinimumVisualStudioVersion = 10.0.40219.1
Project("{FAE04EC0-301F-11D3-BF4B-00C04F79EFBC}") = "AllPlatforms.UWP", "AllPlatforms\AllPlatforms.UWP\AllPlatforms.UWP.csproj", "{88897F71-3908-4AEF-A805-7A71B539F3EF}"
EndProject
Project("{FAE04EC0-301F-11D3-BF4B-00C04F79EFBC}") = "AllPlatforms.Android", "AllPlatforms\AllPlatforms.Android\AllPlatforms.Android.csproj", "{AAE474DD-4F70-4DA3-8975-011A08636DF8}"
EndProject
Project("{FAE04EC0-301F-11D3-BF4B-00C04F79EFBC}") = "AllPlatforms.iOS", "AllPlatforms\AllPlatforms.iOS\AllPlatforms.iOS.csproj", "{0B9C0690-07C8-4842-925B-20B9142CD1C2}"
EndProject
Project("{FAE04EC0-301F-11D3-BF4B-00C04F79EFBC}") = "AllPlatforms", "AllPlatforms\AllPlatforms\AllPlatforms.csproj", "{8328D6FF-4451-47C0-8D7E-67F518B6F6B0}"
EndProject
Global
	GlobalSection(SolutionConfigurationPlatforms) = preSolution
		Debug|Any CPU = Debug|Any CPU
		Debug|ARM = Debug|ARM
		Debug|iPhone = Debug|iPhone
		Debug|iPhoneSimulator = Debug|iPhoneSimulator
		Debug|x64 = Debug|x64
		Debug|x86 = Debug|x86
		Release|Any CPU = Release|Any CPU
		Release|ARM = Release|ARM
		Release|iPhone = Release|iPhone
		Release|iPhoneSimulator = Release|iPhoneSimulator
		Release|x64 = Release|x64
		Release|x86 = Release|x86
	EndGlobalSection
	GlobalSection(ProjectConfigurationPlatforms) = postSolution
		{88897F71-3908-4AEF-A805-7A71B539F3EF}.Debug|Any CPU.ActiveCfg = Debug|x86
		{88897F71-3908-4AEF-A805-7A71B539F3EF}.Debug|Any CPU.Build.0 = Debug|x86
		{88897F71-3908-4AEF-A805-7A71B539F3EF}.Debug|Any CPU.Deploy.0 = Debug|x86
		{88897F71-3908-4AEF-A805-7A71B539F3EF}.Debug|ARM.ActiveCfg = Debug|ARM
		{88897F71-3908-4AEF-A805-7A71B539F3EF}.Debug|ARM.Build.0 = Debug|ARM
		{88897F71-3908-4AEF-A805-7A71B539F3EF}.Debug|ARM.Deploy.0 = Debug|ARM
		{88897F71-3908-4AEF-A805-7A71B539F3EF}.Debug|iPhone.ActiveCfg = Debug|x86
		{88897F71-3908-4AEF-A805-7A71B539F3EF}.Debug|iPhone.Build.0 = Debug|x86
		{88897F71-3908-4AEF-A805-7A71B539F3EF}.Debug|iPhone.Deploy.0 = Debug|x86
		{88897F71-3908-4AEF-A805-7A71B539F3EF}.Debug|iPhoneSimulator.ActiveCfg = Debug|x86
		{88897F71-3908-4AEF-A805-7A71B539F3EF}.Debug|iPhoneSimulator.Build.0 = Debug|x86
		{88897F71-3908-4AEF-A805-7A71B539F3EF}.Debug|iPhoneSimulator.Deploy.0 = Debug|x86
		{88897F71-3908-4AEF-A805-7A71B539F3EF}.Debug|x64.ActiveCfg = Debug|x64
		{88897F71-3908-4AEF-A805-7A71B539F3EF}.Debug|x64.Build.0 = Debug|x64
		{88897F71-3908-4AEF-A805-7A71B539F3EF}.Debug|x64.Deploy.0 = Debug|x64
		{88897F71-3908-4AEF-A805-7A71B539F3EF}.Debug|x86.ActiveCfg = Debug|x86
		{88897F71-3908-4AEF-A805-7A71B539F3EF}.Debug|x86.Build.0 = Debug|x86
		{88897F71-3908-4AEF-A805-7A71B539F3EF}.Debug|x86.Deploy.0 = Debug|x86
		{88897F71-3908-4AEF-A805-7A71B539F3EF}.Release|Any CPU.ActiveCfg = Release|x86
		{88897F71-3908-4AEF-A805-7A71B539F3EF}.Release|Any CPU.Build.0 = Release|x86
		{88897F71-3908-4AEF-A805-7A71B539F3EF}.Release|Any CPU.Deploy.0 = Release|x86
		{88897F71-3908-4AEF-A805-7A71B539F3EF}.Release|ARM.ActiveCfg = Release|ARM
		{88897F71-3908-4AEF-A805-7A71B539F3EF}.Release|ARM.Build.0 = Release|ARM
		{88897F71-3908-4AEF-A805-7A71B539F3EF}.Release|ARM.Deploy.0 = Release|ARM
		{88897F71-3908-4AEF-A805-7A71B539F3EF}.Release|iPhone.ActiveCfg = Release|x86
		{88897F71-3908-4AEF-A805-7A71B539F3EF}.Release|iPhone.Build.0 = Release|x86
		{88897F71-3908-4AEF-A805-7A71B539F3EF}.Release|iPhone.Deploy.0 = Release|x86
		{88897F71-3908-4AEF-A805-7A71B539F3EF}.Release|iPhoneSimulator.ActiveCfg = Release|x86
		{88897F71-3908-4AEF-A805-7A71B539F3EF}.Release|iPhoneSimulator.Build.0 = Release|x86
		{88897F71-3908-4AEF-A805-7A71B539F3EF}.Release|iPhoneSimulator.Deploy.0 = Release|x86
		{88897F71-3908-4AEF-A805-7A71B539F3EF}.Release|x64.ActiveCfg = Release|x64
		{88897F71-3908-4AEF-A805-7A71B539F3EF}.Release|x64.Build.0 = Release|x64
		{88897F71-3908-4AEF-A805-7A71B539F3EF}.Release|x64.Deploy.0 = Release|x64
		{88897F71-3908-4AEF-A805-7A71B539F3EF}.Release|x86.ActiveCfg = Release|x86
		{88897F71-3908-4AEF-A805-7A71B539F3EF}.Release|x86.Build.0 = Release|x86
		{88897F71-3908-4AEF-A805-7A71B539F3EF}.Release|x86.Deploy.0 = Release|x86
		{AAE474DD-4F70-4DA3-8975-011A08636DF8}.Debug|Any CPU.ActiveCfg = Debug|Any CPU
		{AAE474DD-4F70-4DA3-8975-011A08636DF8}.Debug|Any CPU.Build.0 = Debug|Any CPU
		{AAE474DD-4F70-4DA3-8975-011A08636DF8}.Debug|Any CPU.Deploy.0 = Debug|Any CPU
		{AAE474DD-4F70-4DA3-8975-011A08636DF8}.Debug|ARM.ActiveCfg = Debug|Any CPU
		{AAE474DD-4F70-4DA3-8975-011A08636DF8}.Debug|ARM.Build.0 = Debug|Any CPU
		{AAE474DD-4F70-4DA3-8975-011A08636DF8}.Debug|ARM.Deploy.0 = Debug|Any CPU
		{AAE474DD-4F70-4DA3-8975-011A08636DF8}.Debug|iPhone.ActiveCfg = Debug|Any CPU
		{AAE474DD-4F70-4DA3-8975-011A08636DF8}.Debug|iPhone.Build.0 = Debug|Any CPU
		{AAE474DD-4F70-4DA3-8975-011A08636DF8}.Debug|iPhone.Deploy.0 = Debug|Any CPU
		{AAE474DD-4F70-4DA3-8975-011A08636DF8}.Debug|iPhoneSimulator.ActiveCfg = Debug|Any CPU
		{AAE474DD-4F70-4DA3-8975-011A08636DF8}.Debug|iPhoneSimulator.Build.0 = Debug|Any CPU
		{AAE474DD-4F70-4DA3-8975-011A08636DF8}.Debug|iPhoneSimulator.Deploy.0 = Debug|Any CPU
		{AAE474DD-4F70-4DA3-8975-011A08636DF8}.Debug|x64.ActiveCfg = Debug|Any CPU
		{AAE474DD-4F70-4DA3-8975-011A08636DF8}.Debug|x64.Build.0 = Debug|Any CPU
		{AAE474DD-4F70-4DA3-8975-011A08636DF8}.Debug|x64.Deploy.0 = Debug|Any CPU
		{AAE474DD-4F70-4DA3-8975-011A08636DF8}.Debug|x86.ActiveCfg = Debug|Any CPU
		{AAE474DD-4F70-4DA3-8975-011A08636DF8}.Debug|x86.Build.0 = Debug|Any CPU
		{AAE474DD-4F70-4DA3-8975-011A08636DF8}.Debug|x86.Deploy.0 = Debug|Any CPU
		{AAE474DD-4F70-4DA3-8975-011A08636DF8}.Release|Any CPU.ActiveCfg = Release|Any CPU
		{AAE474DD-4F70-4DA3-8975-011A08636DF8}.Release|Any CPU.Build.0 = Release|Any CPU
		{AAE474DD-4F70-4DA3-8975-011A08636DF8}.Release|Any CPU.Deploy.0 = Release|Any CPU
		{AAE474DD-4F70-4DA3-8975-011A08636DF8}.Release|ARM.ActiveCfg = Release|Any CPU
		{AAE474DD-4F70-4DA3-8975-011A08636DF8}.Release|ARM.Build.0 = Release|Any CPU
		{AAE474DD-4F70-4DA3-8975-011A08636DF8}.Release|ARM.Deploy.0 = Release|Any CPU
		{AAE474DD-4F70-4DA3-8975-011A08636DF8}.Release|iPhone.ActiveCfg = Release|Any CPU
		{AAE474DD-4F70-4DA3-8975-011A08636DF8}.Release|iPhone.Build.0 = Release|Any CPU
		{AAE474DD-4F70-4DA3-8975-011A08636DF8}.Release|iPhone.Deploy.0 = Release|Any CPU
		{AAE474DD-4F70-4DA3-8975-011A08636DF8}.Release|iPhoneSimulator.ActiveCfg = Release|Any CPU
		{AAE474DD-4F70-4DA3-8975-011A08636DF8}.Release|iPhoneSimulator.Build.0 = Release|Any CPU
		{AAE474DD-4F70-4DA3-8975-011A08636DF8}.Release|iPhoneSimulator.Deploy.0 = Release|Any CPU
		{AAE474DD-4F70-4DA3-8975-011A08636DF8}.Release|x64.ActiveCfg = Release|Any CPU
		{AAE474DD-4F70-4DA3-8975-011A08636DF8}.Release|x64.Build.0 = Release|Any CPU
		{AAE474DD-4F70-4DA3-8975-011A08636DF8}.Release|x64.Deploy.0 = Release|Any CPU
		{AAE474DD-4F70-4DA3-8975-011A08636DF8}.Release|x86.ActiveCfg = Release|Any CPU
		{AAE474DD-4F70-4DA3-8975-011A08636DF8}.Release|x86.Build.0 = Release|Any CPU
		{AAE474DD-4F70-4DA3-8975-011A08636DF8}.Release|x86.Deploy.0 = Release|Any CPU
		{0B9C0690-07C8-4842-925B-20B9142CD1C2}.Debug|Any CPU.ActiveCfg = Debug|iPhone
		{0B9C0690-07C8-4842-925B-20B9142CD1C2}.Debug|Any CPU.Build.0 = Debug|iPhone
		{0B9C0690-07C8-4842-925B-20B9142CD1C2}.Debug|Any CPU.Deploy.0 = Debug|iPhone
		{0B9C0690-07C8-4842-925B-20B9142CD1C2}.Debug|ARM.ActiveCfg = Debug|iPhoneSimulator
		{0B9C0690-07C8-4842-925B-20B9142CD1C2}.Debug|ARM.Build.0 = Debug|iPhoneSimulator
		{0B9C0690-07C8-4842-925B-20B9142CD1C2}.Debug|ARM.Deploy.0 = Debug|iPhoneSimulator
		{0B9C0690-07C8-4842-925B-20B9142CD1C2}.Debug|iPhone.ActiveCfg = Debug|iPhone
		{0B9C0690-07C8-4842-925B-20B9142CD1C2}.Debug|iPhone.Build.0 = Debug|iPhone
		{0B9C0690-07C8-4842-925B-20B9142CD1C2}.Debug|iPhone.Deploy.0 = Debug|iPhone
		{0B9C0690-07C8-4842-925B-20B9142CD1C2}.Debug|iPhoneSimulator.ActiveCfg = Debug|iPhoneSimulator
		{0B9C0690-07C8-4842-925B-20B9142CD1C2}.Debug|iPhoneSimulator.Build.0 = Debug|iPhoneSimulator
		{0B9C0690-07C8-4842-925B-20B9142CD1C2}.Debug|iPhoneSimulator.Deploy.0 = Debug|iPhoneSimulator
		{0B9C0690-07C8-4842-925B-20B9142CD1C2}.Debug|x64.ActiveCfg = Debug|iPhone
		{0B9C0690-07C8-4842-925B-20B9142CD1C2}.Debug|x64.Build.0 = Debug|iPhone
		{0B9C0690-07C8-4842-925B-20B9142CD1C2}.Debug|x64.Deploy.0 = Debug|iPhone
		{0B9C0690-07C8-4842-925B-20B9142CD1C2}.Debug|x86.ActiveCfg = Debug|iPhone
		{0B9C0690-07C8-4842-925B-20B9142CD1C2}.Debug|x86.Build.0 = Debug|iPhone
		{0B9C0690-07C8-4842-925B-20B9142CD1C2}.Debug|x86.Deploy.0 = Debug|iPhone
		{0B9C0690-07C8-4842-925B-20B9142CD1C2}.Release|Any CPU.ActiveCfg = Release|iPhone
		{0B9C0690-07C8-4842-925B-20B9142CD1C2}.Release|Any CPU.Build.0 = Release|iPhone
		{0B9C0690-07C8-4842-925B-20B9142CD1C2}.Release|Any CPU.Deploy.0 = Release|iPhone
		{0B9C0690-07C8-4842-925B-20B9142CD1C2}.Release|ARM.ActiveCfg = Release|iPhone
		{0B9C0690-07C8-4842-925B-20B9142CD1C2}.Release|ARM.Build.0 = Release|iPhone
		{0B9C0690-07C8-4842-925B-20B9142CD1C2}.Release|ARM.Deploy.0 = Release|iPhone
		{0B9C0690-07C8-4842-925B-20B9142CD1C2}.Release|iPhone.ActiveCfg = Release|iPhone
		{0B9C0690-07C8-4842-925B-20B9142CD1C2}.Release|iPhone.Build.0 = Release|iPhone
		{0B9C0690-07C8-4842-925B-20B9142CD1C2}.Release|iPhone.Deploy.0 = Release|iPhone
		{0B9C0690-07C8-4842-925B-20B9142CD1C2}.Release|iPhoneSimulator.ActiveCfg = Release|iPhoneSimulator
		{0B9C0690-07C8-4842-925B-20B9142CD1C2}.Release|iPhoneSimulator.Build.0 = Release|iPhoneSimulator
		{0B9C0690-07C8-4842-925B-20B9142CD1C2}.Release|iPhoneSimulator.Deploy.0 = Release|iPhoneSimulator
		{0B9C0690-07C8-4842-925B-20B9142CD1C2}.Release|x64.ActiveCfg = Release|iPhone
		{0B9C0690-07C8-4842-925B-20B9142CD1C2}.Release|x64.Build.0 = Release|iPhone
		{0B9C0690-07C8-4842-925B-20B9142CD1C2}.Release|x64.Deploy.0 = Release|iPhone
		{0B9C0690-07C8-4842-925B-20B9142CD1C2}.Release|x86.ActiveCfg = Release|iPhone
		{0B9C0690-07C8-4842-925B-20B9142CD1C2}.Release|x86.Build.0 = Release|iPhone
		{0B9C0690-07C8-4842-925B-20B9142CD1C2}.Release|x86.Deploy.0 = Release|iPhone
		{8328D6FF-4451-47C0-8D7E-67F518B6F6B0}.Debug|Any CPU.ActiveCfg = Debug|Any CPU
		{8328D6FF-4451-47C0-8D7E-67F518B6F6B0}.Debug|Any CPU.Build.0 = Debug|Any CPU
		{8328D6FF-4451-47C0-8D7E-67F518B6F6B0}.Debug|Any CPU.Deploy.0 = Debug|Any CPU
		{8328D6FF-4451-47C0-8D7E-67F518B6F6B0}.Debug|ARM.ActiveCfg = Debug|Any CPU
		{8328D6FF-4451-47C0-8D7E-67F518B6F6B0}.Debug|ARM.Build.0 = Debug|Any CPU
		{8328D6FF-4451-47C0-8D7E-67F518B6F6B0}.Debug|ARM.Deploy.0 = Debug|Any CPU
		{8328D6FF-4451-47C0-8D7E-67F518B6F6B0}.Debug|iPhone.ActiveCfg = Debug|Any CPU
		{8328D6FF-4451-47C0-8D7E-67F518B6F6B0}.Debug|iPhone.Build.0 = Debug|Any CPU
		{8328D6FF-4451-47C0-8D7E-67F518B6F6B0}.Debug|iPhone.Deploy.0 = Debug|Any CPU
		{8328D6FF-4451-47C0-8D7E-67F518B6F6B0}.Debug|iPhoneSimulator.ActiveCfg = Debug|Any CPU
		{8328D6FF-4451-47C0-8D7E-67F518B6F6B0}.Debug|iPhoneSimulator.Build.0 = Debug|Any CPU
		{8328D6FF-4451-47C0-8D7E-67F518B6F6B0}.Debug|iPhoneSimulator.Deploy.0 = Debug|Any CPU
		{8328D6FF-4451-47C0-8D7E-67F518B6F6B0}.Debug|x64.ActiveCfg = Debug|Any CPU
		{8328D6FF-4451-47C0-8D7E-67F518B6F6B0}.Debug|x64.Build.0 = Debug|Any CPU
		{8328D6FF-4451-47C0-8D7E-67F518B6F6B0}.Debug|x64.Deploy.0 = Debug|Any CPU
		{8328D6FF-4451-47C0-8D7E-67F518B6F6B0}.Debug|x86.ActiveCfg = Debug|Any CPU
		{8328D6FF-4451-47C0-8D7E-67F518B6F6B0}.Debug|x86.Build.0 = Debug|Any CPU
		{8328D6FF-4451-47C0-8D7E-67F518B6F6B0}.Debug|x86.Deploy.0 = Debug|Any CPU
		{8328D6FF-4451-47C0-8D7E-67F518B6F6B0}.Release|Any CPU.ActiveCfg = Release|Any CPU
		{8328D6FF-4451-47C0-8D7E-67F518B6F6B0}.Release|Any CPU.Build.0 = Release|Any CPU
		{8328D6FF-4451-47C0-8D7E-67F518B6F6B0}.Release|Any CPU.Deploy.0 = Release|Any CPU
		{8328D6FF-4451-47C0-8D7E-67F518B6F6B0}.Release|ARM.ActiveCfg = Release|Any CPU
		{8328D6FF-4451-47C0-8D7E-67F518B6F6B0}.Release|ARM.Build.0 = Release|Any CPU
		{8328D6FF-4451-47C0-8D7E-67F518B6F6B0}.Release|ARM.Deploy.0 = Release|Any CPU
		{8328D6FF-4451-47C0-8D7E-67F518B6F6B0}.Release|iPhone.ActiveCfg = Release|Any CPU
		{8328D6FF-4451-47C0-8D7E-67F518B6F6B0}.Release|iPhone.Build.0 = Release|Any CPU
		{8328D6FF-4451-47C0-8D7E-67F518B6F6B0}.Release|iPhone.Deploy.0 = Release|Any CPU
		{8328D6FF-4451-47C0-8D7E-67F518B6F6B0}.Release|iPhoneSimulator.ActiveCfg = Release|Any CPU
		{8328D6FF-4451-47C0-8D7E-67F518B6F6B0}.Release|iPhoneSimulator.Build.0 = Release|Any CPU
		{8328D6FF-4451-47C0-8D7E-67F518B6F6B0}.Release|iPhoneSimulator.Deploy.0 = Release|Any CPU
		{8328D6FF-4451-47C0-8D7E-67F518B6F6B0}.Release|x64.ActiveCfg = Release|Any CPU
		{8328D6FF-4451-47C0-8D7E-67F518B6F6B0}.Release|x64.Build.0 = Release|Any CPU
		{8328D6FF-4451-47C0-8D7E-67F518B6F6B0}.Release|x64.Deploy.0 = Release|Any CPU
		{8328D6FF-4451-47C0-8D7E-67F518B6F6B0}.Release|x86.ActiveCfg = Release|Any CPU
		{8328D6FF-4451-47C0-8D7E-67F518B6F6B0}.Release|x86.Build.0 = Release|Any CPU
		{8328D6FF-4451-47C0-8D7E-67F518B6F6B0}.Release|x86.Deploy.0 = Release|Any CPU
	EndGlobalSection
	GlobalSection(SolutionProperties) = preSolution
		HideSolutionNode = FALSE
	EndGlobalSection
	GlobalSection(ExtensibilityGlobals) = postSolution
		SolutionGuid = {7631D1AF-2B53-4632-BFB8-3FBCA54F6B0B}
	EndGlobalSection
EndGlobal
