
Microsoft Visual Studio Solution File, Format Version 12.00
# Visual Studio Version 16
VisualStudioVersion = 16.0.28803.156
MinimumVisualStudioVersion = 10.0.40219.1
Project("{FAE04EC0-301F-11D3-BF4B-00C04F79EFBC}") = "TonySumToN.UWP", "TonySumToN\TonySumToN.UWP\TonySumToN.UWP.csproj", "{1DF9F199-416F-4FAF-B250-580F578EC5A1}"
EndProject
Project("{FAE04EC0-301F-11D3-BF4B-00C04F79EFBC}") = "TonySumToN.Android", "TonySumToN\TonySumToN.Android\TonySumToN.Android.csproj", "{5F2839DE-8C1B-43E2-B618-5A13357654D3}"
EndProject
Project("{FAE04EC0-301F-11D3-BF4B-00C04F79EFBC}") = "TonySumToN", "TonySumToN\TonySumToN\TonySumToN.csproj", "{E7ED1C7B-1EE7-4935-BE82-A950CBE53AE3}"
EndProject
Global
	GlobalSection(SolutionConfigurationPlatforms) = preSolution
		Debug|Any CPU = Debug|Any CPU
		Debug|ARM = Debug|ARM
		Debug|x64 = Debug|x64
		Debug|x86 = Debug|x86
		Release|Any CPU = Release|Any CPU
		Release|ARM = Release|ARM
		Release|x64 = Release|x64
		Release|x86 = Release|x86
	EndGlobalSection
	GlobalSection(ProjectConfigurationPlatforms) = postSolution
		{1DF9F199-416F-4FAF-B250-580F578EC5A1}.Debug|Any CPU.ActiveCfg = Debug|x86
		{1DF9F199-416F-4FAF-B250-580F578EC5A1}.Debug|Any CPU.Build.0 = Debug|x86
		{1DF9F199-416F-4FAF-B250-580F578EC5A1}.Debug|Any CPU.Deploy.0 = Debug|x86
		{1DF9F199-416F-4FAF-B250-580F578EC5A1}.Debug|ARM.ActiveCfg = Debug|ARM
		{1DF9F199-416F-4FAF-B250-580F578EC5A1}.Debug|ARM.Build.0 = Debug|ARM
		{1DF9F199-416F-4FAF-B250-580F578EC5A1}.Debug|ARM.Deploy.0 = Debug|ARM
		{1DF9F199-416F-4FAF-B250-580F578EC5A1}.Debug|x64.ActiveCfg = Debug|x64
		{1DF9F199-416F-4FAF-B250-580F578EC5A1}.Debug|x64.Build.0 = Debug|x64
		{1DF9F199-416F-4FAF-B250-580F578EC5A1}.Debug|x64.Deploy.0 = Debug|x64
		{1DF9F199-416F-4FAF-B250-580F578EC5A1}.Debug|x86.ActiveCfg = Debug|x86
		{1DF9F199-416F-4FAF-B250-580F578EC5A1}.Debug|x86.Build.0 = Debug|x86
		{1DF9F199-416F-4FAF-B250-580F578EC5A1}.Debug|x86.Deploy.0 = Debug|x86
		{1DF9F199-416F-4FAF-B250-580F578EC5A1}.Release|Any CPU.ActiveCfg = Release|x86
		{1DF9F199-416F-4FAF-B250-580F578EC5A1}.Release|Any CPU.Build.0 = Release|x86
		{1DF9F199-416F-4FAF-B250-580F578EC5A1}.Release|Any CPU.Deploy.0 = Release|x86
		{1DF9F199-416F-4FAF-B250-580F578EC5A1}.Release|ARM.ActiveCfg = Release|ARM
		{1DF9F199-416F-4FAF-B250-580F578EC5A1}.Release|ARM.Build.0 = Release|ARM
		{1DF9F199-416F-4FAF-B250-580F578EC5A1}.Release|ARM.Deploy.0 = Release|ARM
		{1DF9F199-416F-4FAF-B250-580F578EC5A1}.Release|x64.ActiveCfg = Release|x64
		{1DF9F199-416F-4FAF-B250-580F578EC5A1}.Release|x64.Build.0 = Release|x64
		{1DF9F199-416F-4FAF-B250-580F578EC5A1}.Release|x64.Deploy.0 = Release|x64
		{1DF9F199-416F-4FAF-B250-580F578EC5A1}.Release|x86.ActiveCfg = Release|x86
		{1DF9F199-416F-4FAF-B250-580F578EC5A1}.Release|x86.Build.0 = Release|x86
		{1DF9F199-416F-4FAF-B250-580F578EC5A1}.Release|x86.Deploy.0 = Release|x86
		{5F2839DE-8C1B-43E2-B618-5A13357654D3}.Debug|Any CPU.ActiveCfg = Debug|Any CPU
		{5F2839DE-8C1B-43E2-B618-5A13357654D3}.Debug|Any CPU.Build.0 = Debug|Any CPU
		{5F2839DE-8C1B-43E2-B618-5A13357654D3}.Debug|Any CPU.Deploy.0 = Debug|Any CPU
		{5F2839DE-8C1B-43E2-B618-5A13357654D3}.Debug|ARM.ActiveCfg = Debug|Any CPU
		{5F2839DE-8C1B-43E2-B618-5A13357654D3}.Debug|ARM.Build.0 = Debug|Any CPU
		{5F2839DE-8C1B-43E2-B618-5A13357654D3}.Debug|ARM.Deploy.0 = Debug|Any CPU
		{5F2839DE-8C1B-43E2-B618-5A13357654D3}.Debug|x64.ActiveCfg = Debug|Any CPU
		{5F2839DE-8C1B-43E2-B618-5A13357654D3}.Debug|x64.Build.0 = Debug|Any CPU
		{5F2839DE-8C1B-43E2-B618-5A13357654D3}.Debug|x64.Deploy.0 = Debug|Any CPU
		{5F2839DE-8C1B-43E2-B618-5A13357654D3}.Debug|x86.ActiveCfg = Debug|Any CPU
		{5F2839DE-8C1B-43E2-B618-5A13357654D3}.Debug|x86.Build.0 = Debug|Any CPU
		{5F2839DE-8C1B-43E2-B618-5A13357654D3}.Debug|x86.Deploy.0 = Debug|Any CPU
		{5F2839DE-8C1B-43E2-B618-5A13357654D3}.Release|Any CPU.ActiveCfg = Release|Any CPU
		{5F2839DE-8C1B-43E2-B618-5A13357654D3}.Release|Any CPU.Build.0 = Release|Any CPU
		{5F2839DE-8C1B-43E2-B618-5A13357654D3}.Release|Any CPU.Deploy.0 = Release|Any CPU
		{5F2839DE-8C1B-43E2-B618-5A13357654D3}.Release|ARM.ActiveCfg = Release|Any CPU
		{5F2839DE-8C1B-43E2-B618-5A13357654D3}.Release|ARM.Build.0 = Release|Any CPU
		{5F2839DE-8C1B-43E2-B618-5A13357654D3}.Release|ARM.Deploy.0 = Release|Any CPU
		{5F2839DE-8C1B-43E2-B618-5A13357654D3}.Release|x64.ActiveCfg = Release|Any CPU
		{5F2839DE-8C1B-43E2-B618-5A13357654D3}.Release|x64.Build.0 = Release|Any CPU
		{5F2839DE-8C1B-43E2-B618-5A13357654D3}.Release|x64.Deploy.0 = Release|Any CPU
		{5F2839DE-8C1B-43E2-B618-5A13357654D3}.Release|x86.ActiveCfg = Release|Any CPU
		{5F2839DE-8C1B-43E2-B618-5A13357654D3}.Release|x86.Build.0 = Release|Any CPU
		{5F2839DE-8C1B-43E2-B618-5A13357654D3}.Release|x86.Deploy.0 = Release|Any CPU
		{E7ED1C7B-1EE7-4935-BE82-A950CBE53AE3}.Debug|Any CPU.ActiveCfg = Debug|Any CPU
		{E7ED1C7B-1EE7-4935-BE82-A950CBE53AE3}.Debug|Any CPU.Build.0 = Debug|Any CPU
		{E7ED1C7B-1EE7-4935-BE82-A950CBE53AE3}.Debug|Any CPU.Deploy.0 = Debug|Any CPU
		{E7ED1C7B-1EE7-4935-BE82-A950CBE53AE3}.Debug|ARM.ActiveCfg = Debug|Any CPU
		{E7ED1C7B-1EE7-4935-BE82-A950CBE53AE3}.Debug|ARM.Build.0 = Debug|Any CPU
		{E7ED1C7B-1EE7-4935-BE82-A950CBE53AE3}.Debug|ARM.Deploy.0 = Debug|Any CPU
		{E7ED1C7B-1EE7-4935-BE82-A950CBE53AE3}.Debug|x64.ActiveCfg = Debug|Any CPU
		{E7ED1C7B-1EE7-4935-BE82-A950CBE53AE3}.Debug|x64.Build.0 = Debug|Any CPU
		{E7ED1C7B-1EE7-4935-BE82-A950CBE53AE3}.Debug|x64.Deploy.0 = Debug|Any CPU
		{E7ED1C7B-1EE7-4935-BE82-A950CBE53AE3}.Debug|x86.ActiveCfg = Debug|Any CPU
		{E7ED1C7B-1EE7-4935-BE82-A950CBE53AE3}.Debug|x86.Build.0 = Debug|Any CPU
		{E7ED1C7B-1EE7-4935-BE82-A950CBE53AE3}.Debug|x86.Deploy.0 = Debug|Any CPU
		{E7ED1C7B-1EE7-4935-BE82-A950CBE53AE3}.Release|Any CPU.ActiveCfg = Release|Any CPU
		{E7ED1C7B-1EE7-4935-BE82-A950CBE53AE3}.Release|Any CPU.Build.0 = Release|Any CPU
		{E7ED1C7B-1EE7-4935-BE82-A950CBE53AE3}.Release|Any CPU.Deploy.0 = Release|Any CPU
		{E7ED1C7B-1EE7-4935-BE82-A950CBE53AE3}.Release|ARM.ActiveCfg = Release|Any CPU
		{E7ED1C7B-1EE7-4935-BE82-A950CBE53AE3}.Release|ARM.Build.0 = Release|Any CPU
		{E7ED1C7B-1EE7-4935-BE82-A950CBE53AE3}.Release|ARM.Deploy.0 = Release|Any CPU
		{E7ED1C7B-1EE7-4935-BE82-A950CBE53AE3}.Release|x64.ActiveCfg = Release|Any CPU
		{E7ED1C7B-1EE7-4935-BE82-A950CBE53AE3}.Release|x64.Build.0 = Release|Any CPU
		{E7ED1C7B-1EE7-4935-BE82-A950CBE53AE3}.Release|x64.Deploy.0 = Release|Any CPU
		{E7ED1C7B-1EE7-4935-BE82-A950CBE53AE3}.Release|x86.ActiveCfg = Release|Any CPU
		{E7ED1C7B-1EE7-4935-BE82-A950CBE53AE3}.Release|x86.Build.0 = Release|Any CPU
		{E7ED1C7B-1EE7-4935-BE82-A950CBE53AE3}.Release|x86.Deploy.0 = Release|Any CPU
	EndGlobalSection
	GlobalSection(SolutionProperties) = preSolution
		HideSolutionNode = FALSE
	EndGlobalSection
	GlobalSection(ExtensibilityGlobals) = postSolution
		SolutionGuid = {99242E5A-1CE2-4821-A612-25AD2D97B021}
	EndGlobalSection
EndGlobal
