
Microsoft Visual Studio Solution File, Format Version 12.00
# Visual Studio Version 16
VisualStudioVersion = 16.0.28729.10
MinimumVisualStudioVersion = 10.0.40219.1
Project("{FAE04EC0-301F-11D3-BF4B-00C04F79EFBC}") = "App4.Android", "App4\App4.Android\App4.Android.csproj", "{B5F7F0E0-F30D-4ABE-9B49-EDDFEE6BE9D9}"
EndProject
Project("{9A19103F-16F7-4668-BE54-9A1E7A4F7556}") = "App4", "App4\App4\App4.csproj", "{D5D133AE-5C19-4781-8C01-135B89917B26}"
EndProject
Global
	GlobalSection(SolutionConfigurationPlatforms) = preSolution
		Debug|Any CPU = Debug|Any CPU
		Debug|ARM = Debug|ARM
		Debug|x64 = Debug|x64
		Debug|x86 = Debug|x86
		Release|Any CPU = Release|Any CPU
		Release|ARM = Release|ARM
		Release|x64 = Release|x64
		Release|x86 = Release|x86
	EndGlobalSection
	GlobalSection(ProjectConfigurationPlatforms) = postSolution
		{B5F7F0E0-F30D-4ABE-9B49-EDDFEE6BE9D9}.Debug|Any CPU.ActiveCfg = Debug|Any CPU
		{B5F7F0E0-F30D-4ABE-9B49-EDDFEE6BE9D9}.Debug|Any CPU.Build.0 = Debug|Any CPU
		{B5F7F0E0-F30D-4ABE-9B49-EDDFEE6BE9D9}.Debug|Any CPU.Deploy.0 = Debug|Any CPU
		{B5F7F0E0-F30D-4ABE-9B49-EDDFEE6BE9D9}.Debug|ARM.ActiveCfg = Debug|Any CPU
		{B5F7F0E0-F30D-4ABE-9B49-EDDFEE6BE9D9}.Debug|ARM.Build.0 = Debug|Any CPU
		{B5F7F0E0-F30D-4ABE-9B49-EDDFEE6BE9D9}.Debug|ARM.Deploy.0 = Debug|Any CPU
		{B5F7F0E0-F30D-4ABE-9B49-EDDFEE6BE9D9}.Debug|x64.ActiveCfg = Debug|Any CPU
		{B5F7F0E0-F30D-4ABE-9B49-EDDFEE6BE9D9}.Debug|x64.Build.0 = Debug|Any CPU
		{B5F7F0E0-F30D-4ABE-9B49-EDDFEE6BE9D9}.Debug|x64.Deploy.0 = Debug|Any CPU
		{B5F7F0E0-F30D-4ABE-9B49-EDDFEE6BE9D9}.Debug|x86.ActiveCfg = Debug|Any CPU
		{B5F7F0E0-F30D-4ABE-9B49-EDDFEE6BE9D9}.Debug|x86.Build.0 = Debug|Any CPU
		{B5F7F0E0-F30D-4ABE-9B49-EDDFEE6BE9D9}.Debug|x86.Deploy.0 = Debug|Any CPU
		{B5F7F0E0-F30D-4ABE-9B49-EDDFEE6BE9D9}.Release|Any CPU.ActiveCfg = Release|Any CPU
		{B5F7F0E0-F30D-4ABE-9B49-EDDFEE6BE9D9}.Release|Any CPU.Build.0 = Release|Any CPU
		{B5F7F0E0-F30D-4ABE-9B49-EDDFEE6BE9D9}.Release|Any CPU.Deploy.0 = Release|Any CPU
		{B5F7F0E0-F30D-4ABE-9B49-EDDFEE6BE9D9}.Release|ARM.ActiveCfg = Release|Any CPU
		{B5F7F0E0-F30D-4ABE-9B49-EDDFEE6BE9D9}.Release|ARM.Build.0 = Release|Any CPU
		{B5F7F0E0-F30D-4ABE-9B49-EDDFEE6BE9D9}.Release|ARM.Deploy.0 = Release|Any CPU
		{B5F7F0E0-F30D-4ABE-9B49-EDDFEE6BE9D9}.Release|x64.ActiveCfg = Release|Any CPU
		{B5F7F0E0-F30D-4ABE-9B49-EDDFEE6BE9D9}.Release|x64.Build.0 = Release|Any CPU
		{B5F7F0E0-F30D-4ABE-9B49-EDDFEE6BE9D9}.Release|x64.Deploy.0 = Release|Any CPU
		{B5F7F0E0-F30D-4ABE-9B49-EDDFEE6BE9D9}.Release|x86.ActiveCfg = Release|Any CPU
		{B5F7F0E0-F30D-4ABE-9B49-EDDFEE6BE9D9}.Release|x86.Build.0 = Release|Any CPU
		{B5F7F0E0-F30D-4ABE-9B49-EDDFEE6BE9D9}.Release|x86.Deploy.0 = Release|Any CPU
		{D5D133AE-5C19-4781-8C01-135B89917B26}.Debug|Any CPU.ActiveCfg = Debug|Any CPU
		{D5D133AE-5C19-4781-8C01-135B89917B26}.Debug|Any CPU.Build.0 = Debug|Any CPU
		{D5D133AE-5C19-4781-8C01-135B89917B26}.Debug|Any CPU.Deploy.0 = Debug|Any CPU
		{D5D133AE-5C19-4781-8C01-135B89917B26}.Debug|ARM.ActiveCfg = Debug|Any CPU
		{D5D133AE-5C19-4781-8C01-135B89917B26}.Debug|ARM.Build.0 = Debug|Any CPU
		{D5D133AE-5C19-4781-8C01-135B89917B26}.Debug|ARM.Deploy.0 = Debug|Any CPU
		{D5D133AE-5C19-4781-8C01-135B89917B26}.Debug|x64.ActiveCfg = Debug|Any CPU
		{D5D133AE-5C19-4781-8C01-135B89917B26}.Debug|x64.Build.0 = Debug|Any CPU
		{D5D133AE-5C19-4781-8C01-135B89917B26}.Debug|x64.Deploy.0 = Debug|Any CPU
		{D5D133AE-5C19-4781-8C01-135B89917B26}.Debug|x86.ActiveCfg = Debug|Any CPU
		{D5D133AE-5C19-4781-8C01-135B89917B26}.Debug|x86.Build.0 = Debug|Any CPU
		{D5D133AE-5C19-4781-8C01-135B89917B26}.Debug|x86.Deploy.0 = Debug|Any CPU
		{D5D133AE-5C19-4781-8C01-135B89917B26}.Release|Any CPU.ActiveCfg = Release|Any CPU
		{D5D133AE-5C19-4781-8C01-135B89917B26}.Release|Any CPU.Build.0 = Release|Any CPU
		{D5D133AE-5C19-4781-8C01-135B89917B26}.Release|Any CPU.Deploy.0 = Release|Any CPU
		{D5D133AE-5C19-4781-8C01-135B89917B26}.Release|ARM.ActiveCfg = Release|Any CPU
		{D5D133AE-5C19-4781-8C01-135B89917B26}.Release|ARM.Build.0 = Release|Any CPU
		{D5D133AE-5C19-4781-8C01-135B89917B26}.Release|ARM.Deploy.0 = Release|Any CPU
		{D5D133AE-5C19-4781-8C01-135B89917B26}.Release|x64.ActiveCfg = Release|Any CPU
		{D5D133AE-5C19-4781-8C01-135B89917B26}.Release|x64.Build.0 = Release|Any CPU
		{D5D133AE-5C19-4781-8C01-135B89917B26}.Release|x64.Deploy.0 = Release|Any CPU
		{D5D133AE-5C19-4781-8C01-135B89917B26}.Release|x86.ActiveCfg = Release|Any CPU
		{D5D133AE-5C19-4781-8C01-135B89917B26}.Release|x86.Build.0 = Release|Any CPU
		{D5D133AE-5C19-4781-8C01-135B89917B26}.Release|x86.Deploy.0 = Release|Any CPU
	EndGlobalSection
	GlobalSection(SolutionProperties) = preSolution
		HideSolutionNode = FALSE
	EndGlobalSection
	GlobalSection(ExtensibilityGlobals) = postSolution
		SolutionGuid = {3994A263-CC66-4924-8354-7D29CA8A7CEC}
	EndGlobalSection
EndGlobal
