
Microsoft Visual Studio Solution File, Format Version 12.00
# Visual Studio 15
VisualStudioVersion = 15.0.27004.2009
MinimumVisualStudioVersion = 10.0.40219.1
Project("{FAE04EC0-301F-11D3-BF4B-00C04F79EFBC}") = "sTUMBLE1", "sTUMBLE1.csproj", "{1C5BA3BB-B8B2-40E1-B14F-81C6FB143D91}"
EndProject
Global
	GlobalSection(SolutionConfigurationPlatforms) = preSolution
		Debug|Any CPU = Debug|Any CPU
		Release|Any CPU = Release|Any CPU
	EndGlobalSection
	GlobalSection(ProjectConfigurationPlatforms) = postSolution
		{1C5BA3BB-B8B2-40E1-B14F-81C6FB143D91}.Debug|Any CPU.ActiveCfg = Debug|Any CPU
		{1C5BA3BB-B8B2-40E1-B14F-81C6FB143D91}.Debug|Any CPU.Build.0 = Debug|Any CPU
		{1C5BA3BB-B8B2-40E1-B14F-81C6FB143D91}.Release|Any CPU.ActiveCfg = Release|Any CPU
		{1C5BA3BB-B8B2-40E1-B14F-81C6FB143D91}.Release|Any CPU.Build.0 = Release|Any CPU
	EndGlobalSection
	GlobalSection(SolutionProperties) = preSolution
		HideSolutionNode = FALSE
	EndGlobalSection
	GlobalSection(ExtensibilityGlobals) = postSolution
		SolutionGuid = {EE757B9B-B088-42FE-9482-BEB1EE7E2F4F}
	EndGlobalSection
EndGlobal
