
Microsoft Visual Studio Solution File, Format Version 10.00
# Visual Studio 2008
Project("{FAE04EC0-301F-11D3-BF4B-00C04F79EFBC}") = "SSE_Learn_1", "SSE_Learn_1.csproj", "{8FE6FA08-4077-4329-B0DD-870F349A6BEF}"
EndProject
Global
	GlobalSection(SolutionConfigurationPlatforms) = preSolution
		Debug|Any CPU = Debug|Any CPU
		Release|Any CPU = Release|Any CPU
	EndGlobalSection
	GlobalSection(ProjectConfigurationPlatforms) = postSolution
		{8FE6FA08-4077-4329-B0DD-870F349A6BEF}.Debug|Any CPU.ActiveCfg = Debug|Any CPU
		{8FE6FA08-4077-4329-B0DD-870F349A6BEF}.Debug|Any CPU.Build.0 = Debug|Any CPU
		{8FE6FA08-4077-4329-B0DD-870F349A6BEF}.Release|Any CPU.ActiveCfg = Release|Any CPU
		{8FE6FA08-4077-4329-B0DD-870F349A6BEF}.Release|Any CPU.Build.0 = Release|Any CPU
	EndGlobalSection
	GlobalSection(SolutionProperties) = preSolution
		HideSolutionNode = FALSE
	EndGlobalSection
EndGlobal
