
Microsoft Visual Studio Solution File, Format Version 9.00
# Visual Studio 2005
Project("{FAE04EC0-301F-11D3-BF4B-00C04F79EFBC}") = "WebService3", "WebService2\WebService3.csproj", "{0010D443-A96C-4540-A042-A96917BA9D2F}"
EndProject
Global
	GlobalSection(SolutionConfigurationPlatforms) = preSolution
		Debug|Any CPU = Debug|Any CPU
		Release|Any CPU = Release|Any CPU
	EndGlobalSection
	GlobalSection(ProjectConfigurationPlatforms) = postSolution
		{0010D443-A96C-4540-A042-A96917BA9D2F}.Debug|Any CPU.ActiveCfg = Debug|Any CPU
		{0010D443-A96C-4540-A042-A96917BA9D2F}.Debug|Any CPU.Build.0 = Debug|Any CPU
		{0010D443-A96C-4540-A042-A96917BA9D2F}.Release|Any CPU.ActiveCfg = Release|Any CPU
		{0010D443-A96C-4540-A042-A96917BA9D2F}.Release|Any CPU.Build.0 = Release|Any CPU
	EndGlobalSection
	GlobalSection(SolutionProperties) = preSolution
		HideSolutionNode = FALSE
	EndGlobalSection
EndGlobal
