
Microsoft Visual Studio Solution File, Format Version 10.00
# Visual Studio 2008
Project("{FAE04EC0-301F-11D3-BF4B-00C04F79EFBC}") = "ShowDecompressImportData", "ShowDecompressImportData.csproj", "{66D49B60-A4F4-4E34-B065-1C173211FDB3}"
EndProject
Global
	GlobalSection(SolutionConfigurationPlatforms) = preSolution
		Debug|Any CPU = Debug|Any CPU
		Release|Any CPU = Release|Any CPU
	EndGlobalSection
	GlobalSection(ProjectConfigurationPlatforms) = postSolution
		{66D49B60-A4F4-4E34-B065-1C173211FDB3}.Debug|Any CPU.ActiveCfg = Debug|Any CPU
		{66D49B60-A4F4-4E34-B065-1C173211FDB3}.Debug|Any CPU.Build.0 = Debug|Any CPU
		{66D49B60-A4F4-4E34-B065-1C173211FDB3}.Release|Any CPU.ActiveCfg = Release|Any CPU
		{66D49B60-A4F4-4E34-B065-1C173211FDB3}.Release|Any CPU.Build.0 = Release|Any CPU
	EndGlobalSection
	GlobalSection(SolutionProperties) = preSolution
		HideSolutionNode = FALSE
	EndGlobalSection
EndGlobal
