
Microsoft Visual Studio Solution File, Format Version 12.00
# Visual Studio Version 16
VisualStudioVersion = 16.0.30002.166
MinimumVisualStudioVersion = 10.0.40219.1
Project("{FAE04EC0-301F-11D3-BF4B-00C04F79EFBC}") = "LrsColinAssembler", "LrsColinAssembler.csproj", "{45FB8002-522E-4DBF-9892-459ACCF1081A}"
EndProject
Global
	GlobalSection(SolutionConfigurationPlatforms) = preSolution
		Debug|Any CPU = Debug|Any CPU
		Release|Any CPU = Release|Any CPU
	EndGlobalSection
	GlobalSection(ProjectConfigurationPlatforms) = postSolution
		{45FB8002-522E-4DBF-9892-459ACCF1081A}.Debug|Any CPU.ActiveCfg = Debug|Any CPU
		{45FB8002-522E-4DBF-9892-459ACCF1081A}.Debug|Any CPU.Build.0 = Debug|Any CPU
		{45FB8002-522E-4DBF-9892-459ACCF1081A}.Release|Any CPU.ActiveCfg = Release|Any CPU
		{45FB8002-522E-4DBF-9892-459ACCF1081A}.Release|Any CPU.Build.0 = Release|Any CPU
	EndGlobalSection
	GlobalSection(SolutionProperties) = preSolution
		HideSolutionNode = FALSE
	EndGlobalSection
	GlobalSection(ExtensibilityGlobals) = postSolution
		SolutionGuid = {B0A4F221-67DC-4E02-891A-FD95E96B9048}
	EndGlobalSection
EndGlobal
