
Microsoft Visual Studio Solution File, Format Version 12.00
# Visual Studio Version 16
VisualStudioVersion = 16.0.30420.98
MinimumVisualStudioVersion = 10.0.40219.1
Project("{FAE04EC0-301F-11D3-BF4B-00C04F79EFBC}") = "VSIXProject4", "VSIXProject4\VSIXProject4.csproj", "{8C8DCDA8-784F-447C-8DF3-97871712D244}"
EndProject
Global
	GlobalSection(SolutionConfigurationPlatforms) = preSolution
		Debug|Any CPU = Debug|Any CPU
		Release|Any CPU = Release|Any CPU
	EndGlobalSection
	GlobalSection(ProjectConfigurationPlatforms) = postSolution
		{8C8DCDA8-784F-447C-8DF3-97871712D244}.Debug|Any CPU.ActiveCfg = Debug|Any CPU
		{8C8DCDA8-784F-447C-8DF3-97871712D244}.Debug|Any CPU.Build.0 = Debug|Any CPU
		{8C8DCDA8-784F-447C-8DF3-97871712D244}.Release|Any CPU.ActiveCfg = Release|Any CPU
		{8C8DCDA8-784F-447C-8DF3-97871712D244}.Release|Any CPU.Build.0 = Release|Any CPU
	EndGlobalSection
	GlobalSection(SolutionProperties) = preSolution
		HideSolutionNode = FALSE
	EndGlobalSection
	GlobalSection(ExtensibilityGlobals) = postSolution
		SolutionGuid = {8DBC7E41-38D1-4690-96DC-EBB85B49BA33}
	EndGlobalSection
EndGlobal
