
Microsoft Visual Studio Solution File, Format Version 10.00
# Visual Studio 2008
Project("{FAE04EC0-301F-11D3-BF4B-00C04F79EFBC}") = "SilverlightApplication1", "SilverlightApplication1.csproj", "{4D25F6D2-39E1-43FB-A2C5-9AA8DA606001}"
EndProject
Global
	GlobalSection(SolutionConfigurationPlatforms) = preSolution
		Debug|Any CPU = Debug|Any CPU
		Release|Any CPU = Release|Any CPU
	EndGlobalSection
	GlobalSection(ProjectConfigurationPlatforms) = postSolution
		{4D25F6D2-39E1-43FB-A2C5-9AA8DA606001}.Debug|Any CPU.ActiveCfg = Debug|Any CPU
		{4D25F6D2-39E1-43FB-A2C5-9AA8DA606001}.Debug|Any CPU.Build.0 = Debug|Any CPU
		{4D25F6D2-39E1-43FB-A2C5-9AA8DA606001}.Release|Any CPU.ActiveCfg = Release|Any CPU
		{4D25F6D2-39E1-43FB-A2C5-9AA8DA606001}.Release|Any CPU.Build.0 = Release|Any CPU
	EndGlobalSection
	GlobalSection(SolutionProperties) = preSolution
		HideSolutionNode = FALSE
	EndGlobalSection
EndGlobal
