
Microsoft Visual Studio Solution File, Format Version 12.00
# Visual Studio Version 16
VisualStudioVersion = 16.0.29905.134
MinimumVisualStudioVersion = 10.0.40219.1
Project("{FAE04EC0-301F-11D3-BF4B-00C04F79EFBC}") = "TrimBookmarks", "TrimBookmarks.csproj", "{2C3875DF-6ACD-4C2A-B750-5A93C4E915ED}"
EndProject
Global
	GlobalSection(SolutionConfigurationPlatforms) = preSolution
		Debug|Any CPU = Debug|Any CPU
		Release|Any CPU = Release|Any CPU
	EndGlobalSection
	GlobalSection(ProjectConfigurationPlatforms) = postSolution
		{2C3875DF-6ACD-4C2A-B750-5A93C4E915ED}.Debug|Any CPU.ActiveCfg = Debug|Any CPU
		{2C3875DF-6ACD-4C2A-B750-5A93C4E915ED}.Debug|Any CPU.Build.0 = Debug|Any CPU
		{2C3875DF-6ACD-4C2A-B750-5A93C4E915ED}.Release|Any CPU.ActiveCfg = Release|Any CPU
		{2C3875DF-6ACD-4C2A-B750-5A93C4E915ED}.Release|Any CPU.Build.0 = Release|Any CPU
	EndGlobalSection
	GlobalSection(SolutionProperties) = preSolution
		HideSolutionNode = FALSE
	EndGlobalSection
	GlobalSection(ExtensibilityGlobals) = postSolution
		SolutionGuid = {C968F960-98D4-47F7-B907-6C2C25843177}
	EndGlobalSection
EndGlobal
