Microsoft Visual Studio Solution File, Format Version 8.00
Project("{FAE04EC0-301F-11D3-BF4B-00C04F79EFBC}") = "ConsumeLLWebService1", "ConsumeLLWebService1\ConsumeLLWebService1.csproj", "{059223BB-FB4C-434B-BB18-07224FE0ECD3}"
	ProjectSection(ProjectDependencies) = postProject
	EndProjectSection
EndProject
Global
	GlobalSection(SolutionConfiguration) = preSolution
		Debug = Debug
		Release = Release
	EndGlobalSection
	GlobalSection(ProjectConfiguration) = postSolution
		{059223BB-FB4C-434B-BB18-07224FE0ECD3}.Debug.ActiveCfg = Debug|.NET
		{059223BB-FB4C-434B-BB18-07224FE0ECD3}.Debug.Build.0 = Debug|.NET
		{059223BB-FB4C-434B-BB18-07224FE0ECD3}.Release.ActiveCfg = Release|.NET
		{059223BB-FB4C-434B-BB18-07224FE0ECD3}.Release.Build.0 = Release|.NET
	EndGlobalSection
	GlobalSection(ExtensibilityGlobals) = postSolution
	EndGlobalSection
	GlobalSection(ExtensibilityAddIns) = postSolution
	EndGlobalSection
EndGlobal
