
Microsoft Visual Studio Solution File, Format Version 12.00
# Visual Studio Version 16
VisualStudioVersion = 16.0.30011.22
MinimumVisualStudioVersion = 10.0.40219.1
Project("{FAE04EC0-301F-11D3-BF4B-00C04F79EFBC}") = "ColinCharacterGraphics", "ColinCharacterGraphics.csproj", "{37AD57D6-C6AD-4BB9-8CC4-2E92F8A11F43}"
EndProject
Global
	GlobalSection(SolutionConfigurationPlatforms) = preSolution
		Debug|Any CPU = Debug|Any CPU
		Release|Any CPU = Release|Any CPU
	EndGlobalSection
	GlobalSection(ProjectConfigurationPlatforms) = postSolution
		{37AD57D6-C6AD-4BB9-8CC4-2E92F8A11F43}.Debug|Any CPU.ActiveCfg = Debug|Any CPU
		{37AD57D6-C6AD-4BB9-8CC4-2E92F8A11F43}.Debug|Any CPU.Build.0 = Debug|Any CPU
		{37AD57D6-C6AD-4BB9-8CC4-2E92F8A11F43}.Release|Any CPU.ActiveCfg = Release|Any CPU
		{37AD57D6-C6AD-4BB9-8CC4-2E92F8A11F43}.Release|Any CPU.Build.0 = Release|Any CPU
	EndGlobalSection
	GlobalSection(SolutionProperties) = preSolution
		HideSolutionNode = FALSE
	EndGlobalSection
	GlobalSection(ExtensibilityGlobals) = postSolution
		SolutionGuid = {2BD70E8D-5400-4891-B6E0-0E03F108FE6C}
	EndGlobalSection
EndGlobal
