
Microsoft Visual Studio Solution File, Format Version 10.00
# Visual Studio 2008
Project("{FAE04EC0-301F-11D3-BF4B-00C04F79EFBC}") = "TestCSharpGuiAndFSharpCode_1", "TestCSharpGuiAndFSharpCode_1.csproj", "{A916914E-A126-4CDB-93E3-70EAC7CF58EA}"
EndProject
Project("{F2A71F9B-5D33-465A-A702-920D77279786}") = "FSharpInterfaceWithCSharp_1", "..\FSharpInterfaceWithCSharp_1\FSharpInterfaceWithCSharp_1.fsproj", "{7CE214AA-CCEF-4842-B633-7EDBDB04AD14}"
EndProject
Global
	GlobalSection(SolutionConfigurationPlatforms) = preSolution
		Debug|Any CPU = Debug|Any CPU
		Release|Any CPU = Release|Any CPU
	EndGlobalSection
	GlobalSection(ProjectConfigurationPlatforms) = postSolution
		{A916914E-A126-4CDB-93E3-70EAC7CF58EA}.Debug|Any CPU.ActiveCfg = Debug|Any CPU
		{A916914E-A126-4CDB-93E3-70EAC7CF58EA}.Debug|Any CPU.Build.0 = Debug|Any CPU
		{A916914E-A126-4CDB-93E3-70EAC7CF58EA}.Release|Any CPU.ActiveCfg = Release|Any CPU
		{A916914E-A126-4CDB-93E3-70EAC7CF58EA}.Release|Any CPU.Build.0 = Release|Any CPU
		{7CE214AA-CCEF-4842-B633-7EDBDB04AD14}.Debug|Any CPU.ActiveCfg = Debug|Any CPU
		{7CE214AA-CCEF-4842-B633-7EDBDB04AD14}.Debug|Any CPU.Build.0 = Debug|Any CPU
		{7CE214AA-CCEF-4842-B633-7EDBDB04AD14}.Release|Any CPU.ActiveCfg = Release|Any CPU
		{7CE214AA-CCEF-4842-B633-7EDBDB04AD14}.Release|Any CPU.Build.0 = Release|Any CPU
	EndGlobalSection
	GlobalSection(SolutionProperties) = preSolution
		HideSolutionNode = FALSE
	EndGlobalSection
EndGlobal
