
Microsoft Visual Studio Solution File, Format Version 12.00
# Visual Studio Version 16
VisualStudioVersion = 16.0.28705.295
MinimumVisualStudioVersion = 10.0.40219.1
Project("{FAE04EC0-301F-11D3-BF4B-00C04F79EFBC}") = "Xam1.Android", "Xam1\Xam1.Android\Xam1.Android.csproj", "{B216BD39-77EC-411B-8907-A4DE4D6A27C7}"
EndProject
Project("{FAE04EC0-301F-11D3-BF4B-00C04F79EFBC}") = "Xam1", "Xam1\Xam1\Xam1.csproj", "{5146D441-3EF4-4B9E-BE1F-4E77842DF726}"
EndProject
Global
	GlobalSection(SolutionConfigurationPlatforms) = preSolution
		Debug|Any CPU = Debug|Any CPU
		Release|Any CPU = Release|Any CPU
	EndGlobalSection
	GlobalSection(ProjectConfigurationPlatforms) = postSolution
		{B216BD39-77EC-411B-8907-A4DE4D6A27C7}.Debug|Any CPU.ActiveCfg = Debug|Any CPU
		{B216BD39-77EC-411B-8907-A4DE4D6A27C7}.Debug|Any CPU.Build.0 = Debug|Any CPU
		{B216BD39-77EC-411B-8907-A4DE4D6A27C7}.Debug|Any CPU.Deploy.0 = Debug|Any CPU
		{B216BD39-77EC-411B-8907-A4DE4D6A27C7}.Release|Any CPU.ActiveCfg = Release|Any CPU
		{B216BD39-77EC-411B-8907-A4DE4D6A27C7}.Release|Any CPU.Build.0 = Release|Any CPU
		{B216BD39-77EC-411B-8907-A4DE4D6A27C7}.Release|Any CPU.Deploy.0 = Release|Any CPU
		{5146D441-3EF4-4B9E-BE1F-4E77842DF726}.Debug|Any CPU.ActiveCfg = Debug|Any CPU
		{5146D441-3EF4-4B9E-BE1F-4E77842DF726}.Debug|Any CPU.Build.0 = Debug|Any CPU
		{5146D441-3EF4-4B9E-BE1F-4E77842DF726}.Debug|Any CPU.Deploy.0 = Debug|Any CPU
		{5146D441-3EF4-4B9E-BE1F-4E77842DF726}.Release|Any CPU.ActiveCfg = Release|Any CPU
		{5146D441-3EF4-4B9E-BE1F-4E77842DF726}.Release|Any CPU.Build.0 = Release|Any CPU
		{5146D441-3EF4-4B9E-BE1F-4E77842DF726}.Release|Any CPU.Deploy.0 = Release|Any CPU
	EndGlobalSection
	GlobalSection(SolutionProperties) = preSolution
		HideSolutionNode = FALSE
	EndGlobalSection
	GlobalSection(ExtensibilityGlobals) = postSolution
		SolutionGuid = {E1C9461B-5D7C-4B61-9188-531ED63CF707}
	EndGlobalSection
EndGlobal
