
Microsoft Visual Studio Solution File, Format Version 10.00
# Visual Studio 2008
Project("{FAE04EC0-301F-11D3-BF4B-00C04F79EFBC}") = "AaronDb1", "AaronDb1\AaronDb1.csproj", "{CF24D42A-DC12-42E7-A0D0-365908FFF68B}"
EndProject
Global
	GlobalSection(SolutionConfigurationPlatforms) = preSolution
		Debug|Any CPU = Debug|Any CPU
		Release|Any CPU = Release|Any CPU
	EndGlobalSection
	GlobalSection(ProjectConfigurationPlatforms) = postSolution
		{CF24D42A-DC12-42E7-A0D0-365908FFF68B}.Debug|Any CPU.ActiveCfg = Debug|Any CPU
		{CF24D42A-DC12-42E7-A0D0-365908FFF68B}.Debug|Any CPU.Build.0 = Debug|Any CPU
		{CF24D42A-DC12-42E7-A0D0-365908FFF68B}.Release|Any CPU.ActiveCfg = Release|Any CPU
		{CF24D42A-DC12-42E7-A0D0-365908FFF68B}.Release|Any CPU.Build.0 = Release|Any CPU
	EndGlobalSection
	GlobalSection(SolutionProperties) = preSolution
		HideSolutionNode = FALSE
	EndGlobalSection
EndGlobal
