Microsoft Visual Studio Solution File, Format Version 9.00
# Visual Studio 2005
Project("{FAE04EC0-301F-11D3-BF4B-00C04F79EFBC}") = "DumpSourceSafe", "DumpSourceSafe\DumpSourceSafe.csproj", "{EC269854-83B4-443F-9914-D4394351CD72}"
EndProject
Global
	GlobalSection(SourceCodeControl) = preSolution
		SccNumberOfProjects = 2
		SccLocalPath0 = .
		CanCheckoutShared = false
		SccProjectUniqueName1 = DumpSourceSafe\\DumpSourceSafe.csproj
		SccLocalPath1 = .
		CanCheckoutShared = false
		SccProjectFilePathRelativizedFromConnection1 = DumpSourceSafe\\
	EndGlobalSection
	GlobalSection(SolutionConfigurationPlatforms) = preSolution
		Debug|Any CPU = Debug|Any CPU
		Release|Any CPU = Release|Any CPU
	EndGlobalSection
	GlobalSection(ProjectConfigurationPlatforms) = postSolution
		{EC269854-83B4-443F-9914-D4394351CD72}.Debug|Any CPU.ActiveCfg = Debug|Any CPU
		{EC269854-83B4-443F-9914-D4394351CD72}.Debug|Any CPU.Build.0 = Debug|Any CPU
		{EC269854-83B4-443F-9914-D4394351CD72}.Release|Any CPU.ActiveCfg = Release|Any CPU
		{EC269854-83B4-443F-9914-D4394351CD72}.Release|Any CPU.Build.0 = Release|Any CPU
	EndGlobalSection
	GlobalSection(SolutionProperties) = preSolution
		HideSolutionNode = FALSE
	EndGlobalSection
EndGlobal
