Microsoft Visual Studio Solution File, Format Version 8.00
Project("{FAE04EC0-301F-11D3-BF4B-00C04F79EFBC}") = "TestDataBinding_1", "TestDataBinding_1\TestDataBinding_1.csproj", "{CB60AE18-7850-4A42-B2AC-2DA4304C9CF2}"
	ProjectSection(ProjectDependencies) = postProject
	EndProjectSection
EndProject
Global
	GlobalSection(SolutionConfiguration) = preSolution
		Debug = Debug
		Release = Release
	EndGlobalSection
	GlobalSection(ProjectConfiguration) = postSolution
		{CB60AE18-7850-4A42-B2AC-2DA4304C9CF2}.Debug.ActiveCfg = Debug|.NET
		{CB60AE18-7850-4A42-B2AC-2DA4304C9CF2}.Debug.Build.0 = Debug|.NET
		{CB60AE18-7850-4A42-B2AC-2DA4304C9CF2}.Release.ActiveCfg = Release|.NET
		{CB60AE18-7850-4A42-B2AC-2DA4304C9CF2}.Release.Build.0 = Release|.NET
	EndGlobalSection
	GlobalSection(ExtensibilityGlobals) = postSolution
	EndGlobalSection
	GlobalSection(ExtensibilityAddIns) = postSolution
	EndGlobalSection
EndGlobal
