Microsoft Visual Studio Solution File, Format Version 7.00
Project("{FAE04EC0-301F-11D3-BF4B-00C04F79EFBC}") = "fooIExplore", "fooIExplore.csproj", "{EC6DA56F-B9A1-47E3-9C17-50FA37E2D60A}"
EndProject
Global
	GlobalSection(SolutionConfiguration) = preSolution
		ConfigName.0 = Debug
		ConfigName.1 = Release
	EndGlobalSection
	GlobalSection(ProjectDependencies) = postSolution
	EndGlobalSection
	GlobalSection(ProjectConfiguration) = postSolution
		{EC6DA56F-B9A1-47E3-9C17-50FA37E2D60A}.Debug.ActiveCfg = Debug|.NET
		{EC6DA56F-B9A1-47E3-9C17-50FA37E2D60A}.Debug.Build.0 = Debug|.NET
		{EC6DA56F-B9A1-47E3-9C17-50FA37E2D60A}.Release.ActiveCfg = Release|.NET
		{EC6DA56F-B9A1-47E3-9C17-50FA37E2D60A}.Release.Build.0 = Release|.NET
	EndGlobalSection
	GlobalSection(ExtensibilityGlobals) = postSolution
	EndGlobalSection
	GlobalSection(ExtensibilityAddIns) = postSolution
	EndGlobalSection
EndGlobal
